
Microsoft Visual Studio Solution File, Format Version 12.00
# Visual Studio 16
Project("{8BC9CEB8-8B4A-11D0-8D11-00A0C91BC942}") = "AkAudioInput", "AkAudioInput\UWP\AkAudioInput_vc160.vcxproj", "{BF05E765-5E8E-1ED9-4054-D568152DA988}"
EndProject
Project("{8BC9CEB8-8B4A-11D0-8D11-00A0C91BC942}") = "AkCompressor", "AkCompressor\UWP\AkCompressor_vc160.vcxproj", "{A420CE77-15AB-2411-EAF1-665969293859}"
EndProject
Project("{8BC9CEB8-8B4A-11D0-8D11-00A0C91BC942}") = "AkConvolutionReverb", "AkConvolutionReverb\UWP\AkConvolutionReverb_vc160.vcxproj", "{918F1F85-3BA8-12AA-0EAD-FD51471DF2AB}"
EndProject
Project("{8BC9CEB8-8B4A-11D0-8D11-00A0C91BC942}") = "AkDelay", "AkDelay\UWP\AkDelay_vc160.vcxproj", "{B5129E92-926F-8789-B47A-B86E37D3E9E0}"
EndProject
Project("{8BC9CEB8-8B4A-11D0-8D11-00A0C91BC942}") = "AkExpander", "AkExpander\UWP\AkExpander_vc160.vcxproj", "{E651EBBA-E1B6-F53B-E45A-B4FE6F94A07E}"
EndProject
Project("{8BC9CEB8-8B4A-11D0-8D11-00A0C91BC942}") = "AkFlanger", "AkFlanger\UWP\AkFlanger_vc160.vcxproj", "{8F48B579-BCEF-D6A2-7807-8E969B8ABB27}"
EndProject
Project("{8BC9CEB8-8B4A-11D0-8D11-00A0C91BC942}") = "AkGain", "AkGain\UWP\AkGain_vc160.vcxproj", "{5B19D171-28BD-0101-2C6A-3B31AB0CCF1E}"
EndProject
Project("{8BC9CEB8-8B4A-11D0-8D11-00A0C91BC942}") = "AkGuitarDistortion", "AkGuitarDistortion\UWP\AkGuitarDistortion_vc160.vcxproj", "{553DF6D8-B0E4-1269-905B-8C7992CAD0A7}"
EndProject
Project("{8BC9CEB8-8B4A-11D0-8D11-00A0C91BC942}") = "AkHarmonizer", "AkHarmonizer\UWP\AkHarmonizer_vc160.vcxproj", "{C01988A2-A029-3A7A-47A2-2DCEC42DAF6F}"
EndProject
Project("{8BC9CEB8-8B4A-11D0-8D11-00A0C91BC942}") = "AkImpacter", "AkImpacter\UWP\AkImpacter_vc160.vcxproj", "{94853A7C-973B-75EB-95FD-BEC0B5256876}"
EndProject
Project("{8BC9CEB8-8B4A-11D0-8D11-00A0C91BC942}") = "AkMatrixReverb", "AkMatrixReverb\UWP\AkMatrixReverb_vc160.vcxproj", "{EB804620-2267-4F58-7041-CEB2AE0C5E65}"
EndProject
Project("{8BC9CEB8-8B4A-11D0-8D11-00A0C91BC942}") = "AkMotion", "AkMotion\UWP\AkMotion_vc160.vcxproj", "{7E4C5B9F-BF08-A877-AABB-2E6B272633B3}"
EndProject
Project("{8BC9CEB8-8B4A-11D0-8D11-00A0C91BC942}") = "AkParametricEQ", "AkParametricEQ\UWP\AkParametricEQ_vc160.vcxproj", "{0ABA65D7-8B4E-28EB-56CF-BCD0D7949CD4}"
EndProject
Project("{8BC9CEB8-8B4A-11D0-8D11-00A0C91BC942}") = "AkPeakLimiter", "AkPeakLimiter\UWP\AkPeakLimiter_vc160.vcxproj", "{BC220AE3-240C-D300-4BC0-3B11736443A3}"
EndProject
Project("{8BC9CEB8-8B4A-11D0-8D11-00A0C91BC942}") = "AkPitchShifter", "AkPitchShifter\UWP\AkPitchShifter_vc160.vcxproj", "{1205AD5B-BA67-AB14-9B6C-C86B3BF50311}"
EndProject
Project("{8BC9CEB8-8B4A-11D0-8D11-00A0C91BC942}") = "AkRecorder", "AkRecorder\UWP\AkRecorder_vc160.vcxproj", "{6110FEB5-AD33-67D5-8590-1C0E32A04692}"
EndProject
Project("{8BC9CEB8-8B4A-11D0-8D11-00A0C91BC942}") = "AkReflect", "AkReflect\UWP\AkReflect_vc160.vcxproj", "{1ADF451F-60AA-6C3C-9170-74DEF6286EDA}"
EndProject
Project("{8BC9CEB8-8B4A-11D0-8D11-00A0C91BC942}") = "AkRoomVerb", "AkRoomVerb\UWP\AkRoomVerb_vc160.vcxproj", "{AC0B0F09-15DF-6204-FD11-64AC909FBDF5}"
EndProject
Project("{8BC9CEB8-8B4A-11D0-8D11-00A0C91BC942}") = "AkSilenceGenerator", "AkSilenceGenerator\UWP\AkSilenceGenerator_vc160.vcxproj", "{57903A7E-2FEF-F0E8-65BF-D2ED1D6AAD20}"
EndProject
Project("{8BC9CEB8-8B4A-11D0-8D11-00A0C91BC942}") = "AkSineTone", "AkSineTone\UWP\AkSineTone_vc160.vcxproj", "{8669C294-CBCB-6C56-0E3A-D00C3A6ABF2B}"
EndProject
Project("{8BC9CEB8-8B4A-11D0-8D11-00A0C91BC942}") = "AkSoundSeedAir", "AkSoundSeedAir\UWP\AkSoundSeedAir_vc160.vcxproj", "{D4F4AB80-3FD8-501D-4004-A3AA5D490D02}"
EndProject
Project("{8BC9CEB8-8B4A-11D0-8D11-00A0C91BC942}") = "AkSoundSeedGrain", "AkSoundSeedGrain\UWP\AkSoundSeedGrain_vc160.vcxproj", "{EC0750CE-5569-1F11-4956-71D5EAD5F328}"
EndProject
Project("{8BC9CEB8-8B4A-11D0-8D11-00A0C91BC942}") = "AkSoundSeedImpact", "AkSoundSeedImpact\UWP\AkSoundSeedImpact_vc160.vcxproj", "{F3F4E922-9C12-8DBD-3A67-7C7750C0E600}"
EndProject
Project("{8BC9CEB8-8B4A-11D0-8D11-00A0C91BC942}") = "AkStereoDelay", "AkStereoDelay\UWP\AkStereoDelay_vc160.vcxproj", "{7ACCD404-BF93-50E3-C4DC-311B80A9EC9C}"
EndProject
Project("{8BC9CEB8-8B4A-11D0-8D11-00A0C91BC942}") = "AkSynthOne", "AkSynthOne\UWP\AkSynthOne_vc160.vcxproj", "{8E28A89E-1EE2-645E-7462-D82A603E9E65}"
EndProject
Project("{8BC9CEB8-8B4A-11D0-8D11-00A0C91BC942}") = "AkTimeStretch", "AkTimeStretch\UWP\AkTimeStretch_vc160.vcxproj", "{98872F66-C8CF-E05E-8A94-6C2F30C94BC4}"
EndProject
Project("{8BC9CEB8-8B4A-11D0-8D11-00A0C91BC942}") = "AkToneGen", "AkToneGen\UWP\AkToneGen_vc160.vcxproj", "{8C4751B4-6C2D-6C47-F0E9-1D649D08D089}"
EndProject
Project("{8BC9CEB8-8B4A-11D0-8D11-00A0C91BC942}") = "AkTremolo", "AkTremolo\UWP\AkTremolo_vc160.vcxproj", "{B1D43F1F-77F1-FFB9-2A22-AA8574180226}"
EndProject
Project("{8BC9CEB8-8B4A-11D0-8D11-00A0C91BC942}") = "Auro", "Auro\UWP\Auro_vc160.vcxproj", "{B6C76450-6DDF-A168-C2E2-8C492BED995A}"
EndProject
Project("{8BC9CEB8-8B4A-11D0-8D11-00A0C91BC942}") = "MSSpatial", "MSSpatial\UWP\MSSpatial_vc160.vcxproj", "{F6C22574-1C3C-4050-DE82-1C389D2AD996}"
EndProject
Project("{8BC9CEB8-8B4A-11D0-8D11-00A0C91BC942}") = "MasteringSuite", "MasteringSuite\UWP\MasteringSuite_vc160.vcxproj", "{51D015EF-71B4-9638-8E0A-F476788F9181}"
EndProject
Project("{8BC9CEB8-8B4A-11D0-8D11-00A0C91BC942}") = "McDSP", "McDSP\UWP\McDSP_vc160.vcxproj", "{CBE29B06-A8C4-CADB-296B-C08F28F19860}"
EndProject
Project("{8BC9CEB8-8B4A-11D0-8D11-00A0C91BC942}") = "iZotope", "iZotope\UWP\iZotope_vc160.vcxproj", "{D1137835-1E76-3C3C-0168-B0B150A6D40D}"
EndProject
Global
	GlobalSection(SolutionConfigurationPlatforms) = preSolution
		Debug|ARM = Debug|ARM
		Debug|ARM64 = Debug|ARM64
		Debug|Win32 = Debug|Win32
		Debug|x64 = Debug|x64
		Profile|ARM = Profile|ARM
		Profile|ARM64 = Profile|ARM64
		Profile|Win32 = Profile|Win32
		Profile|x64 = Profile|x64
		Release|ARM = Release|ARM
		Release|ARM64 = Release|ARM64
		Release|Win32 = Release|Win32
		Release|x64 = Release|x64
	EndGlobalSection
	GlobalSection(ProjectConfigurationPlatforms) = postSolution
		{BF05E765-5E8E-1ED9-4054-D568152DA988}.Debug|ARM.ActiveCfg = Debug|ARM
		{BF05E765-5E8E-1ED9-4054-D568152DA988}.Debug|ARM.Build.0 = Debug|ARM
		{BF05E765-5E8E-1ED9-4054-D568152DA988}.Debug|ARM64.ActiveCfg = Debug|ARM64
		{BF05E765-5E8E-1ED9-4054-D568152DA988}.Debug|ARM64.Build.0 = Debug|ARM64
		{BF05E765-5E8E-1ED9-4054-D568152DA988}.Debug|Win32.ActiveCfg = Debug|Win32
		{BF05E765-5E8E-1ED9-4054-D568152DA988}.Debug|Win32.Build.0 = Debug|Win32
		{BF05E765-5E8E-1ED9-4054-D568152DA988}.Debug|x64.ActiveCfg = Debug|x64
		{BF05E765-5E8E-1ED9-4054-D568152DA988}.Debug|x64.Build.0 = Debug|x64
		{BF05E765-5E8E-1ED9-4054-D568152DA988}.Profile|ARM.ActiveCfg = Profile|ARM
		{BF05E765-5E8E-1ED9-4054-D568152DA988}.Profile|ARM.Build.0 = Profile|ARM
		{BF05E765-5E8E-1ED9-4054-D568152DA988}.Profile|ARM64.ActiveCfg = Profile|ARM64
		{BF05E765-5E8E-1ED9-4054-D568152DA988}.Profile|ARM64.Build.0 = Profile|ARM64
		{BF05E765-5E8E-1ED9-4054-D568152DA988}.Profile|Win32.ActiveCfg = Profile|Win32
		{BF05E765-5E8E-1ED9-4054-D568152DA988}.Profile|Win32.Build.0 = Profile|Win32
		{BF05E765-5E8E-1ED9-4054-D568152DA988}.Profile|x64.ActiveCfg = Profile|x64
		{BF05E765-5E8E-1ED9-4054-D568152DA988}.Profile|x64.Build.0 = Profile|x64
		{BF05E765-5E8E-1ED9-4054-D568152DA988}.Release|ARM.ActiveCfg = Release|ARM
		{BF05E765-5E8E-1ED9-4054-D568152DA988}.Release|ARM.Build.0 = Release|ARM
		{BF05E765-5E8E-1ED9-4054-D568152DA988}.Release|ARM64.ActiveCfg = Release|ARM64
		{BF05E765-5E8E-1ED9-4054-D568152DA988}.Release|ARM64.Build.0 = Release|ARM64
		{BF05E765-5E8E-1ED9-4054-D568152DA988}.Release|Win32.ActiveCfg = Release|Win32
		{BF05E765-5E8E-1ED9-4054-D568152DA988}.Release|Win32.Build.0 = Release|Win32
		{BF05E765-5E8E-1ED9-4054-D568152DA988}.Release|x64.ActiveCfg = Release|x64
		{BF05E765-5E8E-1ED9-4054-D568152DA988}.Release|x64.Build.0 = Release|x64
		{A420CE77-15AB-2411-EAF1-665969293859}.Debug|ARM.ActiveCfg = Debug|ARM
		{A420CE77-15AB-2411-EAF1-665969293859}.Debug|ARM.Build.0 = Debug|ARM
		{A420CE77-15AB-2411-EAF1-665969293859}.Debug|ARM64.ActiveCfg = Debug|ARM64
		{A420CE77-15AB-2411-EAF1-665969293859}.Debug|ARM64.Build.0 = Debug|ARM64
		{A420CE77-15AB-2411-EAF1-665969293859}.Debug|Win32.ActiveCfg = Debug|Win32
		{A420CE77-15AB-2411-EAF1-665969293859}.Debug|Win32.Build.0 = Debug|Win32
		{A420CE77-15AB-2411-EAF1-665969293859}.Debug|x64.ActiveCfg = Debug|x64
		{A420CE77-15AB-2411-EAF1-665969293859}.Debug|x64.Build.0 = Debug|x64
		{A420CE77-15AB-2411-EAF1-665969293859}.Profile|ARM.ActiveCfg = Profile|ARM
		{A420CE77-15AB-2411-EAF1-665969293859}.Profile|ARM.Build.0 = Profile|ARM
		{A420CE77-15AB-2411-EAF1-665969293859}.Profile|ARM64.ActiveCfg = Profile|ARM64
		{A420CE77-15AB-2411-EAF1-665969293859}.Profile|ARM64.Build.0 = Profile|ARM64
		{A420CE77-15AB-2411-EAF1-665969293859}.Profile|Win32.ActiveCfg = Profile|Win32
		{A420CE77-15AB-2411-EAF1-665969293859}.Profile|Win32.Build.0 = Profile|Win32
		{A420CE77-15AB-2411-EAF1-665969293859}.Profile|x64.ActiveCfg = Profile|x64
		{A420CE77-15AB-2411-EAF1-665969293859}.Profile|x64.Build.0 = Profile|x64
		{A420CE77-15AB-2411-EAF1-665969293859}.Release|ARM.ActiveCfg = Release|ARM
		{A420CE77-15AB-2411-EAF1-665969293859}.Release|ARM.Build.0 = Release|ARM
		{A420CE77-15AB-2411-EAF1-665969293859}.Release|ARM64.ActiveCfg = Release|ARM64
		{A420CE77-15AB-2411-EAF1-665969293859}.Release|ARM64.Build.0 = Release|ARM64
		{A420CE77-15AB-2411-EAF1-665969293859}.Release|Win32.ActiveCfg = Release|Win32
		{A420CE77-15AB-2411-EAF1-665969293859}.Release|Win32.Build.0 = Release|Win32
		{A420CE77-15AB-2411-EAF1-665969293859}.Release|x64.ActiveCfg = Release|x64
		{A420CE77-15AB-2411-EAF1-665969293859}.Release|x64.Build.0 = Release|x64
		{918F1F85-3BA8-12AA-0EAD-FD51471DF2AB}.Debug|ARM.ActiveCfg = Debug|ARM
		{918F1F85-3BA8-12AA-0EAD-FD51471DF2AB}.Debug|ARM.Build.0 = Debug|ARM
		{918F1F85-3BA8-12AA-0EAD-FD51471DF2AB}.Debug|ARM64.ActiveCfg = Debug|ARM64
		{918F1F85-3BA8-12AA-0EAD-FD51471DF2AB}.Debug|ARM64.Build.0 = Debug|ARM64
		{918F1F85-3BA8-12AA-0EAD-FD51471DF2AB}.Debug|Win32.ActiveCfg = Debug|Win32
		{918F1F85-3BA8-12AA-0EAD-FD51471DF2AB}.Debug|Win32.Build.0 = Debug|Win32
		{918F1F85-3BA8-12AA-0EAD-FD51471DF2AB}.Debug|x64.ActiveCfg = Debug|x64
		{918F1F85-3BA8-12AA-0EAD-FD51471DF2AB}.Debug|x64.Build.0 = Debug|x64
		{918F1F85-3BA8-12AA-0EAD-FD51471DF2AB}.Profile|ARM.ActiveCfg = Profile|ARM
		{918F1F85-3BA8-12AA-0EAD-FD51471DF2AB}.Profile|ARM.Build.0 = Profile|ARM
		{918F1F85-3BA8-12AA-0EAD-FD51471DF2AB}.Profile|ARM64.ActiveCfg = Profile|ARM64
		{918F1F85-3BA8-12AA-0EAD-FD51471DF2AB}.Profile|ARM64.Build.0 = Profile|ARM64
		{918F1F85-3BA8-12AA-0EAD-FD51471DF2AB}.Profile|Win32.ActiveCfg = Profile|Win32
		{918F1F85-3BA8-12AA-0EAD-FD51471DF2AB}.Profile|Win32.Build.0 = Profile|Win32
		{918F1F85-3BA8-12AA-0EAD-FD51471DF2AB}.Profile|x64.ActiveCfg = Profile|x64
		{918F1F85-3BA8-12AA-0EAD-FD51471DF2AB}.Profile|x64.Build.0 = Profile|x64
		{918F1F85-3BA8-12AA-0EAD-FD51471DF2AB}.Release|ARM.ActiveCfg = Release|ARM
		{918F1F85-3BA8-12AA-0EAD-FD51471DF2AB}.Release|ARM.Build.0 = Release|ARM
		{918F1F85-3BA8-12AA-0EAD-FD51471DF2AB}.Release|ARM64.ActiveCfg = Release|ARM64
		{918F1F85-3BA8-12AA-0EAD-FD51471DF2AB}.Release|ARM64.Build.0 = Release|ARM64
		{918F1F85-3BA8-12AA-0EAD-FD51471DF2AB}.Release|Win32.ActiveCfg = Release|Win32
		{918F1F85-3BA8-12AA-0EAD-FD51471DF2AB}.Release|Win32.Build.0 = Release|Win32
		{918F1F85-3BA8-12AA-0EAD-FD51471DF2AB}.Release|x64.ActiveCfg = Release|x64
		{918F1F85-3BA8-12AA-0EAD-FD51471DF2AB}.Release|x64.Build.0 = Release|x64
		{B5129E92-926F-8789-B47A-B86E37D3E9E0}.Debug|ARM.ActiveCfg = Debug|ARM
		{B5129E92-926F-8789-B47A-B86E37D3E9E0}.Debug|ARM.Build.0 = Debug|ARM
		{B5129E92-926F-8789-B47A-B86E37D3E9E0}.Debug|ARM64.ActiveCfg = Debug|ARM64
		{B5129E92-926F-8789-B47A-B86E37D3E9E0}.Debug|ARM64.Build.0 = Debug|ARM64
		{B5129E92-926F-8789-B47A-B86E37D3E9E0}.Debug|Win32.ActiveCfg = Debug|Win32
		{B5129E92-926F-8789-B47A-B86E37D3E9E0}.Debug|Win32.Build.0 = Debug|Win32
		{B5129E92-926F-8789-B47A-B86E37D3E9E0}.Debug|x64.ActiveCfg = Debug|x64
		{B5129E92-926F-8789-B47A-B86E37D3E9E0}.Debug|x64.Build.0 = Debug|x64
		{B5129E92-926F-8789-B47A-B86E37D3E9E0}.Profile|ARM.ActiveCfg = Profile|ARM
		{B5129E92-926F-8789-B47A-B86E37D3E9E0}.Profile|ARM.Build.0 = Profile|ARM
		{B5129E92-926F-8789-B47A-B86E37D3E9E0}.Profile|ARM64.ActiveCfg = Profile|ARM64
		{B5129E92-926F-8789-B47A-B86E37D3E9E0}.Profile|ARM64.Build.0 = Profile|ARM64
		{B5129E92-926F-8789-B47A-B86E37D3E9E0}.Profile|Win32.ActiveCfg = Profile|Win32
		{B5129E92-926F-8789-B47A-B86E37D3E9E0}.Profile|Win32.Build.0 = Profile|Win32
		{B5129E92-926F-8789-B47A-B86E37D3E9E0}.Profile|x64.ActiveCfg = Profile|x64
		{B5129E92-926F-8789-B47A-B86E37D3E9E0}.Profile|x64.Build.0 = Profile|x64
		{B5129E92-926F-8789-B47A-B86E37D3E9E0}.Release|ARM.ActiveCfg = Release|ARM
		{B5129E92-926F-8789-B47A-B86E37D3E9E0}.Release|ARM.Build.0 = Release|ARM
		{B5129E92-926F-8789-B47A-B86E37D3E9E0}.Release|ARM64.ActiveCfg = Release|ARM64
		{B5129E92-926F-8789-B47A-B86E37D3E9E0}.Release|ARM64.Build.0 = Release|ARM64
		{B5129E92-926F-8789-B47A-B86E37D3E9E0}.Release|Win32.ActiveCfg = Release|Win32
		{B5129E92-926F-8789-B47A-B86E37D3E9E0}.Release|Win32.Build.0 = Release|Win32
		{B5129E92-926F-8789-B47A-B86E37D3E9E0}.Release|x64.ActiveCfg = Release|x64
		{B5129E92-926F-8789-B47A-B86E37D3E9E0}.Release|x64.Build.0 = Release|x64
		{E651EBBA-E1B6-F53B-E45A-B4FE6F94A07E}.Debug|ARM.ActiveCfg = Debug|ARM
		{E651EBBA-E1B6-F53B-E45A-B4FE6F94A07E}.Debug|ARM.Build.0 = Debug|ARM
		{E651EBBA-E1B6-F53B-E45A-B4FE6F94A07E}.Debug|ARM64.ActiveCfg = Debug|ARM64
		{E651EBBA-E1B6-F53B-E45A-B4FE6F94A07E}.Debug|ARM64.Build.0 = Debug|ARM64
		{E651EBBA-E1B6-F53B-E45A-B4FE6F94A07E}.Debug|Win32.ActiveCfg = Debug|Win32
		{E651EBBA-E1B6-F53B-E45A-B4FE6F94A07E}.Debug|Win32.Build.0 = Debug|Win32
		{E651EBBA-E1B6-F53B-E45A-B4FE6F94A07E}.Debug|x64.ActiveCfg = Debug|x64
		{E651EBBA-E1B6-F53B-E45A-B4FE6F94A07E}.Debug|x64.Build.0 = Debug|x64
		{E651EBBA-E1B6-F53B-E45A-B4FE6F94A07E}.Profile|ARM.ActiveCfg = Profile|ARM
		{E651EBBA-E1B6-F53B-E45A-B4FE6F94A07E}.Profile|ARM.Build.0 = Profile|ARM
		{E651EBBA-E1B6-F53B-E45A-B4FE6F94A07E}.Profile|ARM64.ActiveCfg = Profile|ARM64
		{E651EBBA-E1B6-F53B-E45A-B4FE6F94A07E}.Profile|ARM64.Build.0 = Profile|ARM64
		{E651EBBA-E1B6-F53B-E45A-B4FE6F94A07E}.Profile|Win32.ActiveCfg = Profile|Win32
		{E651EBBA-E1B6-F53B-E45A-B4FE6F94A07E}.Profile|Win32.Build.0 = Profile|Win32
		{E651EBBA-E1B6-F53B-E45A-B4FE6F94A07E}.Profile|x64.ActiveCfg = Profile|x64
		{E651EBBA-E1B6-F53B-E45A-B4FE6F94A07E}.Profile|x64.Build.0 = Profile|x64
		{E651EBBA-E1B6-F53B-E45A-B4FE6F94A07E}.Release|ARM.ActiveCfg = Release|ARM
		{E651EBBA-E1B6-F53B-E45A-B4FE6F94A07E}.Release|ARM.Build.0 = Release|ARM
		{E651EBBA-E1B6-F53B-E45A-B4FE6F94A07E}.Release|ARM64.ActiveCfg = Release|ARM64
		{E651EBBA-E1B6-F53B-E45A-B4FE6F94A07E}.Release|ARM64.Build.0 = Release|ARM64
		{E651EBBA-E1B6-F53B-E45A-B4FE6F94A07E}.Release|Win32.ActiveCfg = Release|Win32
		{E651EBBA-E1B6-F53B-E45A-B4FE6F94A07E}.Release|Win32.Build.0 = Release|Win32
		{E651EBBA-E1B6-F53B-E45A-B4FE6F94A07E}.Release|x64.ActiveCfg = Release|x64
		{E651EBBA-E1B6-F53B-E45A-B4FE6F94A07E}.Release|x64.Build.0 = Release|x64
		{8F48B579-BCEF-D6A2-7807-8E969B8ABB27}.Debug|ARM.ActiveCfg = Debug|ARM
		{8F48B579-BCEF-D6A2-7807-8E969B8ABB27}.Debug|ARM.Build.0 = Debug|ARM
		{8F48B579-BCEF-D6A2-7807-8E969B8ABB27}.Debug|ARM64.ActiveCfg = Debug|ARM64
		{8F48B579-BCEF-D6A2-7807-8E969B8ABB27}.Debug|ARM64.Build.0 = Debug|ARM64
		{8F48B579-BCEF-D6A2-7807-8E969B8ABB27}.Debug|Win32.ActiveCfg = Debug|Win32
		{8F48B579-BCEF-D6A2-7807-8E969B8ABB27}.Debug|Win32.Build.0 = Debug|Win32
		{8F48B579-BCEF-D6A2-7807-8E969B8ABB27}.Debug|x64.ActiveCfg = Debug|x64
		{8F48B579-BCEF-D6A2-7807-8E969B8ABB27}.Debug|x64.Build.0 = Debug|x64
		{8F48B579-BCEF-D6A2-7807-8E969B8ABB27}.Profile|ARM.ActiveCfg = Profile|ARM
		{8F48B579-BCEF-D6A2-7807-8E969B8ABB27}.Profile|ARM.Build.0 = Profile|ARM
		{8F48B579-BCEF-D6A2-7807-8E969B8ABB27}.Profile|ARM64.ActiveCfg = Profile|ARM64
		{8F48B579-BCEF-D6A2-7807-8E969B8ABB27}.Profile|ARM64.Build.0 = Profile|ARM64
		{8F48B579-BCEF-D6A2-7807-8E969B8ABB27}.Profile|Win32.ActiveCfg = Profile|Win32
		{8F48B579-BCEF-D6A2-7807-8E969B8ABB27}.Profile|Win32.Build.0 = Profile|Win32
		{8F48B579-BCEF-D6A2-7807-8E969B8ABB27}.Profile|x64.ActiveCfg = Profile|x64
		{8F48B579-BCEF-D6A2-7807-8E969B8ABB27}.Profile|x64.Build.0 = Profile|x64
		{8F48B579-BCEF-D6A2-7807-8E969B8ABB27}.Release|ARM.ActiveCfg = Release|ARM
		{8F48B579-BCEF-D6A2-7807-8E969B8ABB27}.Release|ARM.Build.0 = Release|ARM
		{8F48B579-BCEF-D6A2-7807-8E969B8ABB27}.Release|ARM64.ActiveCfg = Release|ARM64
		{8F48B579-BCEF-D6A2-7807-8E969B8ABB27}.Release|ARM64.Build.0 = Release|ARM64
		{8F48B579-BCEF-D6A2-7807-8E969B8ABB27}.Release|Win32.ActiveCfg = Release|Win32
		{8F48B579-BCEF-D6A2-7807-8E969B8ABB27}.Release|Win32.Build.0 = Release|Win32
		{8F48B579-BCEF-D6A2-7807-8E969B8ABB27}.Release|x64.ActiveCfg = Release|x64
		{8F48B579-BCEF-D6A2-7807-8E969B8ABB27}.Release|x64.Build.0 = Release|x64
		{5B19D171-28BD-0101-2C6A-3B31AB0CCF1E}.Debug|ARM.ActiveCfg = Debug|ARM
		{5B19D171-28BD-0101-2C6A-3B31AB0CCF1E}.Debug|ARM.Build.0 = Debug|ARM
		{5B19D171-28BD-0101-2C6A-3B31AB0CCF1E}.Debug|ARM64.ActiveCfg = Debug|ARM64
		{5B19D171-28BD-0101-2C6A-3B31AB0CCF1E}.Debug|ARM64.Build.0 = Debug|ARM64
		{5B19D171-28BD-0101-2C6A-3B31AB0CCF1E}.Debug|Win32.ActiveCfg = Debug|Win32
		{5B19D171-28BD-0101-2C6A-3B31AB0CCF1E}.Debug|Win32.Build.0 = Debug|Win32
		{5B19D171-28BD-0101-2C6A-3B31AB0CCF1E}.Debug|x64.ActiveCfg = Debug|x64
		{5B19D171-28BD-0101-2C6A-3B31AB0CCF1E}.Debug|x64.Build.0 = Debug|x64
		{5B19D171-28BD-0101-2C6A-3B31AB0CCF1E}.Profile|ARM.ActiveCfg = Profile|ARM
		{5B19D171-28BD-0101-2C6A-3B31AB0CCF1E}.Profile|ARM.Build.0 = Profile|ARM
		{5B19D171-28BD-0101-2C6A-3B31AB0CCF1E}.Profile|ARM64.ActiveCfg = Profile|ARM64
		{5B19D171-28BD-0101-2C6A-3B31AB0CCF1E}.Profile|ARM64.Build.0 = Profile|ARM64
		{5B19D171-28BD-0101-2C6A-3B31AB0CCF1E}.Profile|Win32.ActiveCfg = Profile|Win32
		{5B19D171-28BD-0101-2C6A-3B31AB0CCF1E}.Profile|Win32.Build.0 = Profile|Win32
		{5B19D171-28BD-0101-2C6A-3B31AB0CCF1E}.Profile|x64.ActiveCfg = Profile|x64
		{5B19D171-28BD-0101-2C6A-3B31AB0CCF1E}.Profile|x64.Build.0 = Profile|x64
		{5B19D171-28BD-0101-2C6A-3B31AB0CCF1E}.Release|ARM.ActiveCfg = Release|ARM
		{5B19D171-28BD-0101-2C6A-3B31AB0CCF1E}.Release|ARM.Build.0 = Release|ARM
		{5B19D171-28BD-0101-2C6A-3B31AB0CCF1E}.Release|ARM64.ActiveCfg = Release|ARM64
		{5B19D171-28BD-0101-2C6A-3B31AB0CCF1E}.Release|ARM64.Build.0 = Release|ARM64
		{5B19D171-28BD-0101-2C6A-3B31AB0CCF1E}.Release|Win32.ActiveCfg = Release|Win32
		{5B19D171-28BD-0101-2C6A-3B31AB0CCF1E}.Release|Win32.Build.0 = Release|Win32
		{5B19D171-28BD-0101-2C6A-3B31AB0CCF1E}.Release|x64.ActiveCfg = Release|x64
		{5B19D171-28BD-0101-2C6A-3B31AB0CCF1E}.Release|x64.Build.0 = Release|x64
		{553DF6D8-B0E4-1269-905B-8C7992CAD0A7}.Debug|ARM.ActiveCfg = Debug|ARM
		{553DF6D8-B0E4-1269-905B-8C7992CAD0A7}.Debug|ARM.Build.0 = Debug|ARM
		{553DF6D8-B0E4-1269-905B-8C7992CAD0A7}.Debug|ARM64.ActiveCfg = Debug|ARM64
		{553DF6D8-B0E4-1269-905B-8C7992CAD0A7}.Debug|ARM64.Build.0 = Debug|ARM64
		{553DF6D8-B0E4-1269-905B-8C7992CAD0A7}.Debug|Win32.ActiveCfg = Debug|Win32
		{553DF6D8-B0E4-1269-905B-8C7992CAD0A7}.Debug|Win32.Build.0 = Debug|Win32
		{553DF6D8-B0E4-1269-905B-8C7992CAD0A7}.Debug|x64.ActiveCfg = Debug|x64
		{553DF6D8-B0E4-1269-905B-8C7992CAD0A7}.Debug|x64.Build.0 = Debug|x64
		{553DF6D8-B0E4-1269-905B-8C7992CAD0A7}.Profile|ARM.ActiveCfg = Profile|ARM
		{553DF6D8-B0E4-1269-905B-8C7992CAD0A7}.Profile|ARM.Build.0 = Profile|ARM
		{553DF6D8-B0E4-1269-905B-8C7992CAD0A7}.Profile|ARM64.ActiveCfg = Profile|ARM64
		{553DF6D8-B0E4-1269-905B-8C7992CAD0A7}.Profile|ARM64.Build.0 = Profile|ARM64
		{553DF6D8-B0E4-1269-905B-8C7992CAD0A7}.Profile|Win32.ActiveCfg = Profile|Win32
		{553DF6D8-B0E4-1269-905B-8C7992CAD0A7}.Profile|Win32.Build.0 = Profile|Win32
		{553DF6D8-B0E4-1269-905B-8C7992CAD0A7}.Profile|x64.ActiveCfg = Profile|x64
		{553DF6D8-B0E4-1269-905B-8C7992CAD0A7}.Profile|x64.Build.0 = Profile|x64
		{553DF6D8-B0E4-1269-905B-8C7992CAD0A7}.Release|ARM.ActiveCfg = Release|ARM
		{553DF6D8-B0E4-1269-905B-8C7992CAD0A7}.Release|ARM.Build.0 = Release|ARM
		{553DF6D8-B0E4-1269-905B-8C7992CAD0A7}.Release|ARM64.ActiveCfg = Release|ARM64
		{553DF6D8-B0E4-1269-905B-8C7992CAD0A7}.Release|ARM64.Build.0 = Release|ARM64
		{553DF6D8-B0E4-1269-905B-8C7992CAD0A7}.Release|Win32.ActiveCfg = Release|Win32
		{553DF6D8-B0E4-1269-905B-8C7992CAD0A7}.Release|Win32.Build.0 = Release|Win32
		{553DF6D8-B0E4-1269-905B-8C7992CAD0A7}.Release|x64.ActiveCfg = Release|x64
		{553DF6D8-B0E4-1269-905B-8C7992CAD0A7}.Release|x64.Build.0 = Release|x64
		{C01988A2-A029-3A7A-47A2-2DCEC42DAF6F}.Debug|ARM.ActiveCfg = Debug|ARM
		{C01988A2-A029-3A7A-47A2-2DCEC42DAF6F}.Debug|ARM.Build.0 = Debug|ARM
		{C01988A2-A029-3A7A-47A2-2DCEC42DAF6F}.Debug|ARM64.ActiveCfg = Debug|ARM64
		{C01988A2-A029-3A7A-47A2-2DCEC42DAF6F}.Debug|ARM64.Build.0 = Debug|ARM64
		{C01988A2-A029-3A7A-47A2-2DCEC42DAF6F}.Debug|Win32.ActiveCfg = Debug|Win32
		{C01988A2-A029-3A7A-47A2-2DCEC42DAF6F}.Debug|Win32.Build.0 = Debug|Win32
		{C01988A2-A029-3A7A-47A2-2DCEC42DAF6F}.Debug|x64.ActiveCfg = Debug|x64
		{C01988A2-A029-3A7A-47A2-2DCEC42DAF6F}.Debug|x64.Build.0 = Debug|x64
		{C01988A2-A029-3A7A-47A2-2DCEC42DAF6F}.Profile|ARM.ActiveCfg = Profile|ARM
		{C01988A2-A029-3A7A-47A2-2DCEC42DAF6F}.Profile|ARM.Build.0 = Profile|ARM
		{C01988A2-A029-3A7A-47A2-2DCEC42DAF6F}.Profile|ARM64.ActiveCfg = Profile|ARM64
		{C01988A2-A029-3A7A-47A2-2DCEC42DAF6F}.Profile|ARM64.Build.0 = Profile|ARM64
		{C01988A2-A029-3A7A-47A2-2DCEC42DAF6F}.Profile|Win32.ActiveCfg = Profile|Win32
		{C01988A2-A029-3A7A-47A2-2DCEC42DAF6F}.Profile|Win32.Build.0 = Profile|Win32
		{C01988A2-A029-3A7A-47A2-2DCEC42DAF6F}.Profile|x64.ActiveCfg = Profile|x64
		{C01988A2-A029-3A7A-47A2-2DCEC42DAF6F}.Profile|x64.Build.0 = Profile|x64
		{C01988A2-A029-3A7A-47A2-2DCEC42DAF6F}.Release|ARM.ActiveCfg = Release|ARM
		{C01988A2-A029-3A7A-47A2-2DCEC42DAF6F}.Release|ARM.Build.0 = Release|ARM
		{C01988A2-A029-3A7A-47A2-2DCEC42DAF6F}.Release|ARM64.ActiveCfg = Release|ARM64
		{C01988A2-A029-3A7A-47A2-2DCEC42DAF6F}.Release|ARM64.Build.0 = Release|ARM64
		{C01988A2-A029-3A7A-47A2-2DCEC42DAF6F}.Release|Win32.ActiveCfg = Release|Win32
		{C01988A2-A029-3A7A-47A2-2DCEC42DAF6F}.Release|Win32.Build.0 = Release|Win32
		{C01988A2-A029-3A7A-47A2-2DCEC42DAF6F}.Release|x64.ActiveCfg = Release|x64
		{C01988A2-A029-3A7A-47A2-2DCEC42DAF6F}.Release|x64.Build.0 = Release|x64
		{94853A7C-973B-75EB-95FD-BEC0B5256876}.Debug|ARM.ActiveCfg = Debug|ARM
		{94853A7C-973B-75EB-95FD-BEC0B5256876}.Debug|ARM.Build.0 = Debug|ARM
		{94853A7C-973B-75EB-95FD-BEC0B5256876}.Debug|ARM64.ActiveCfg = Debug|ARM64
		{94853A7C-973B-75EB-95FD-BEC0B5256876}.Debug|ARM64.Build.0 = Debug|ARM64
		{94853A7C-973B-75EB-95FD-BEC0B5256876}.Debug|Win32.ActiveCfg = Debug|Win32
		{94853A7C-973B-75EB-95FD-BEC0B5256876}.Debug|Win32.Build.0 = Debug|Win32
		{94853A7C-973B-75EB-95FD-BEC0B5256876}.Debug|x64.ActiveCfg = Debug|x64
		{94853A7C-973B-75EB-95FD-BEC0B5256876}.Debug|x64.Build.0 = Debug|x64
		{94853A7C-973B-75EB-95FD-BEC0B5256876}.Profile|ARM.ActiveCfg = Profile|ARM
		{94853A7C-973B-75EB-95FD-BEC0B5256876}.Profile|ARM.Build.0 = Profile|ARM
		{94853A7C-973B-75EB-95FD-BEC0B5256876}.Profile|ARM64.ActiveCfg = Profile|ARM64
		{94853A7C-973B-75EB-95FD-BEC0B5256876}.Profile|ARM64.Build.0 = Profile|ARM64
		{94853A7C-973B-75EB-95FD-BEC0B5256876}.Profile|Win32.ActiveCfg = Profile|Win32
		{94853A7C-973B-75EB-95FD-BEC0B5256876}.Profile|Win32.Build.0 = Profile|Win32
		{94853A7C-973B-75EB-95FD-BEC0B5256876}.Profile|x64.ActiveCfg = Profile|x64
		{94853A7C-973B-75EB-95FD-BEC0B5256876}.Profile|x64.Build.0 = Profile|x64
		{94853A7C-973B-75EB-95FD-BEC0B5256876}.Release|ARM.ActiveCfg = Release|ARM
		{94853A7C-973B-75EB-95FD-BEC0B5256876}.Release|ARM.Build.0 = Release|ARM
		{94853A7C-973B-75EB-95FD-BEC0B5256876}.Release|ARM64.ActiveCfg = Release|ARM64
		{94853A7C-973B-75EB-95FD-BEC0B5256876}.Release|ARM64.Build.0 = Release|ARM64
		{94853A7C-973B-75EB-95FD-BEC0B5256876}.Release|Win32.ActiveCfg = Release|Win32
		{94853A7C-973B-75EB-95FD-BEC0B5256876}.Release|Win32.Build.0 = Release|Win32
		{94853A7C-973B-75EB-95FD-BEC0B5256876}.Release|x64.ActiveCfg = Release|x64
		{94853A7C-973B-75EB-95FD-BEC0B5256876}.Release|x64.Build.0 = Release|x64
		{EB804620-2267-4F58-7041-CEB2AE0C5E65}.Debug|ARM.ActiveCfg = Debug|ARM
		{EB804620-2267-4F58-7041-CEB2AE0C5E65}.Debug|ARM.Build.0 = Debug|ARM
		{EB804620-2267-4F58-7041-CEB2AE0C5E65}.Debug|ARM64.ActiveCfg = Debug|ARM64
		{EB804620-2267-4F58-7041-CEB2AE0C5E65}.Debug|ARM64.Build.0 = Debug|ARM64
		{EB804620-2267-4F58-7041-CEB2AE0C5E65}.Debug|Win32.ActiveCfg = Debug|Win32
		{EB804620-2267-4F58-7041-CEB2AE0C5E65}.Debug|Win32.Build.0 = Debug|Win32
		{EB804620-2267-4F58-7041-CEB2AE0C5E65}.Debug|x64.ActiveCfg = Debug|x64
		{EB804620-2267-4F58-7041-CEB2AE0C5E65}.Debug|x64.Build.0 = Debug|x64
		{EB804620-2267-4F58-7041-CEB2AE0C5E65}.Profile|ARM.ActiveCfg = Profile|ARM
		{EB804620-2267-4F58-7041-CEB2AE0C5E65}.Profile|ARM.Build.0 = Profile|ARM
		{EB804620-2267-4F58-7041-CEB2AE0C5E65}.Profile|ARM64.ActiveCfg = Profile|ARM64
		{EB804620-2267-4F58-7041-CEB2AE0C5E65}.Profile|ARM64.Build.0 = Profile|ARM64
		{EB804620-2267-4F58-7041-CEB2AE0C5E65}.Profile|Win32.ActiveCfg = Profile|Win32
		{EB804620-2267-4F58-7041-CEB2AE0C5E65}.Profile|Win32.Build.0 = Profile|Win32
		{EB804620-2267-4F58-7041-CEB2AE0C5E65}.Profile|x64.ActiveCfg = Profile|x64
		{EB804620-2267-4F58-7041-CEB2AE0C5E65}.Profile|x64.Build.0 = Profile|x64
		{EB804620-2267-4F58-7041-CEB2AE0C5E65}.Release|ARM.ActiveCfg = Release|ARM
		{EB804620-2267-4F58-7041-CEB2AE0C5E65}.Release|ARM.Build.0 = Release|ARM
		{EB804620-2267-4F58-7041-CEB2AE0C5E65}.Release|ARM64.ActiveCfg = Release|ARM64
		{EB804620-2267-4F58-7041-CEB2AE0C5E65}.Release|ARM64.Build.0 = Release|ARM64
		{EB804620-2267-4F58-7041-CEB2AE0C5E65}.Release|Win32.ActiveCfg = Release|Win32
		{EB804620-2267-4F58-7041-CEB2AE0C5E65}.Release|Win32.Build.0 = Release|Win32
		{EB804620-2267-4F58-7041-CEB2AE0C5E65}.Release|x64.ActiveCfg = Release|x64
		{EB804620-2267-4F58-7041-CEB2AE0C5E65}.Release|x64.Build.0 = Release|x64
		{7E4C5B9F-BF08-A877-AABB-2E6B272633B3}.Debug|ARM.ActiveCfg = Debug|ARM
		{7E4C5B9F-BF08-A877-AABB-2E6B272633B3}.Debug|ARM.Build.0 = Debug|ARM
		{7E4C5B9F-BF08-A877-AABB-2E6B272633B3}.Debug|ARM64.ActiveCfg = Debug|ARM64
		{7E4C5B9F-BF08-A877-AABB-2E6B272633B3}.Debug|ARM64.Build.0 = Debug|ARM64
		{7E4C5B9F-BF08-A877-AABB-2E6B272633B3}.Debug|Win32.ActiveCfg = Debug|Win32
		{7E4C5B9F-BF08-A877-AABB-2E6B272633B3}.Debug|Win32.Build.0 = Debug|Win32
		{7E4C5B9F-BF08-A877-AABB-2E6B272633B3}.Debug|x64.ActiveCfg = Debug|x64
		{7E4C5B9F-BF08-A877-AABB-2E6B272633B3}.Debug|x64.Build.0 = Debug|x64
		{7E4C5B9F-BF08-A877-AABB-2E6B272633B3}.Profile|ARM.ActiveCfg = Profile|ARM
		{7E4C5B9F-BF08-A877-AABB-2E6B272633B3}.Profile|ARM.Build.0 = Profile|ARM
		{7E4C5B9F-BF08-A877-AABB-2E6B272633B3}.Profile|ARM64.ActiveCfg = Profile|ARM64
		{7E4C5B9F-BF08-A877-AABB-2E6B272633B3}.Profile|ARM64.Build.0 = Profile|ARM64
		{7E4C5B9F-BF08-A877-AABB-2E6B272633B3}.Profile|Win32.ActiveCfg = Profile|Win32
		{7E4C5B9F-BF08-A877-AABB-2E6B272633B3}.Profile|Win32.Build.0 = Profile|Win32
		{7E4C5B9F-BF08-A877-AABB-2E6B272633B3}.Profile|x64.ActiveCfg = Profile|x64
		{7E4C5B9F-BF08-A877-AABB-2E6B272633B3}.Profile|x64.Build.0 = Profile|x64
		{7E4C5B9F-BF08-A877-AABB-2E6B272633B3}.Release|ARM.ActiveCfg = Release|ARM
		{7E4C5B9F-BF08-A877-AABB-2E6B272633B3}.Release|ARM.Build.0 = Release|ARM
		{7E4C5B9F-BF08-A877-AABB-2E6B272633B3}.Release|ARM64.ActiveCfg = Release|ARM64
		{7E4C5B9F-BF08-A877-AABB-2E6B272633B3}.Release|ARM64.Build.0 = Release|ARM64
		{7E4C5B9F-BF08-A877-AABB-2E6B272633B3}.Release|Win32.ActiveCfg = Release|Win32
		{7E4C5B9F-BF08-A877-AABB-2E6B272633B3}.Release|Win32.Build.0 = Release|Win32
		{7E4C5B9F-BF08-A877-AABB-2E6B272633B3}.Release|x64.ActiveCfg = Release|x64
		{7E4C5B9F-BF08-A877-AABB-2E6B272633B3}.Release|x64.Build.0 = Release|x64
		{0ABA65D7-8B4E-28EB-56CF-BCD0D7949CD4}.Debug|ARM.ActiveCfg = Debug|ARM
		{0ABA65D7-8B4E-28EB-56CF-BCD0D7949CD4}.Debug|ARM.Build.0 = Debug|ARM
		{0ABA65D7-8B4E-28EB-56CF-BCD0D7949CD4}.Debug|ARM64.ActiveCfg = Debug|ARM64
		{0ABA65D7-8B4E-28EB-56CF-BCD0D7949CD4}.Debug|ARM64.Build.0 = Debug|ARM64
		{0ABA65D7-8B4E-28EB-56CF-BCD0D7949CD4}.Debug|Win32.ActiveCfg = Debug|Win32
		{0ABA65D7-8B4E-28EB-56CF-BCD0D7949CD4}.Debug|Win32.Build.0 = Debug|Win32
		{0ABA65D7-8B4E-28EB-56CF-BCD0D7949CD4}.Debug|x64.ActiveCfg = Debug|x64
		{0ABA65D7-8B4E-28EB-56CF-BCD0D7949CD4}.Debug|x64.Build.0 = Debug|x64
		{0ABA65D7-8B4E-28EB-56CF-BCD0D7949CD4}.Profile|ARM.ActiveCfg = Profile|ARM
		{0ABA65D7-8B4E-28EB-56CF-BCD0D7949CD4}.Profile|ARM.Build.0 = Profile|ARM
		{0ABA65D7-8B4E-28EB-56CF-BCD0D7949CD4}.Profile|ARM64.ActiveCfg = Profile|ARM64
		{0ABA65D7-8B4E-28EB-56CF-BCD0D7949CD4}.Profile|ARM64.Build.0 = Profile|ARM64
		{0ABA65D7-8B4E-28EB-56CF-BCD0D7949CD4}.Profile|Win32.ActiveCfg = Profile|Win32
		{0ABA65D7-8B4E-28EB-56CF-BCD0D7949CD4}.Profile|Win32.Build.0 = Profile|Win32
		{0ABA65D7-8B4E-28EB-56CF-BCD0D7949CD4}.Profile|x64.ActiveCfg = Profile|x64
		{0ABA65D7-8B4E-28EB-56CF-BCD0D7949CD4}.Profile|x64.Build.0 = Profile|x64
		{0ABA65D7-8B4E-28EB-56CF-BCD0D7949CD4}.Release|ARM.ActiveCfg = Release|ARM
		{0ABA65D7-8B4E-28EB-56CF-BCD0D7949CD4}.Release|ARM.Build.0 = Release|ARM
		{0ABA65D7-8B4E-28EB-56CF-BCD0D7949CD4}.Release|ARM64.ActiveCfg = Release|ARM64
		{0ABA65D7-8B4E-28EB-56CF-BCD0D7949CD4}.Release|ARM64.Build.0 = Release|ARM64
		{0ABA65D7-8B4E-28EB-56CF-BCD0D7949CD4}.Release|Win32.ActiveCfg = Release|Win32
		{0ABA65D7-8B4E-28EB-56CF-BCD0D7949CD4}.Release|Win32.Build.0 = Release|Win32
		{0ABA65D7-8B4E-28EB-56CF-BCD0D7949CD4}.Release|x64.ActiveCfg = Release|x64
		{0ABA65D7-8B4E-28EB-56CF-BCD0D7949CD4}.Release|x64.Build.0 = Release|x64
		{BC220AE3-240C-D300-4BC0-3B11736443A3}.Debug|ARM.ActiveCfg = Debug|ARM
		{BC220AE3-240C-D300-4BC0-3B11736443A3}.Debug|ARM.Build.0 = Debug|ARM
		{BC220AE3-240C-D300-4BC0-3B11736443A3}.Debug|ARM64.ActiveCfg = Debug|ARM64
		{BC220AE3-240C-D300-4BC0-3B11736443A3}.Debug|ARM64.Build.0 = Debug|ARM64
		{BC220AE3-240C-D300-4BC0-3B11736443A3}.Debug|Win32.ActiveCfg = Debug|Win32
		{BC220AE3-240C-D300-4BC0-3B11736443A3}.Debug|Win32.Build.0 = Debug|Win32
		{BC220AE3-240C-D300-4BC0-3B11736443A3}.Debug|x64.ActiveCfg = Debug|x64
		{BC220AE3-240C-D300-4BC0-3B11736443A3}.Debug|x64.Build.0 = Debug|x64
		{BC220AE3-240C-D300-4BC0-3B11736443A3}.Profile|ARM.ActiveCfg = Profile|ARM
		{BC220AE3-240C-D300-4BC0-3B11736443A3}.Profile|ARM.Build.0 = Profile|ARM
		{BC220AE3-240C-D300-4BC0-3B11736443A3}.Profile|ARM64.ActiveCfg = Profile|ARM64
		{BC220AE3-240C-D300-4BC0-3B11736443A3}.Profile|ARM64.Build.0 = Profile|ARM64
		{BC220AE3-240C-D300-4BC0-3B11736443A3}.Profile|Win32.ActiveCfg = Profile|Win32
		{BC220AE3-240C-D300-4BC0-3B11736443A3}.Profile|Win32.Build.0 = Profile|Win32
		{BC220AE3-240C-D300-4BC0-3B11736443A3}.Profile|x64.ActiveCfg = Profile|x64
		{BC220AE3-240C-D300-4BC0-3B11736443A3}.Profile|x64.Build.0 = Profile|x64
		{BC220AE3-240C-D300-4BC0-3B11736443A3}.Release|ARM.ActiveCfg = Release|ARM
		{BC220AE3-240C-D300-4BC0-3B11736443A3}.Release|ARM.Build.0 = Release|ARM
		{BC220AE3-240C-D300-4BC0-3B11736443A3}.Release|ARM64.ActiveCfg = Release|ARM64
		{BC220AE3-240C-D300-4BC0-3B11736443A3}.Release|ARM64.Build.0 = Release|ARM64
		{BC220AE3-240C-D300-4BC0-3B11736443A3}.Release|Win32.ActiveCfg = Release|Win32
		{BC220AE3-240C-D300-4BC0-3B11736443A3}.Release|Win32.Build.0 = Release|Win32
		{BC220AE3-240C-D300-4BC0-3B11736443A3}.Release|x64.ActiveCfg = Release|x64
		{BC220AE3-240C-D300-4BC0-3B11736443A3}.Release|x64.Build.0 = Release|x64
		{1205AD5B-BA67-AB14-9B6C-C86B3BF50311}.Debug|ARM.ActiveCfg = Debug|ARM
		{1205AD5B-BA67-AB14-9B6C-C86B3BF50311}.Debug|ARM.Build.0 = Debug|ARM
		{1205AD5B-BA67-AB14-9B6C-C86B3BF50311}.Debug|ARM64.ActiveCfg = Debug|ARM64
		{1205AD5B-BA67-AB14-9B6C-C86B3BF50311}.Debug|ARM64.Build.0 = Debug|ARM64
		{1205AD5B-BA67-AB14-9B6C-C86B3BF50311}.Debug|Win32.ActiveCfg = Debug|Win32
		{1205AD5B-BA67-AB14-9B6C-C86B3BF50311}.Debug|Win32.Build.0 = Debug|Win32
		{1205AD5B-BA67-AB14-9B6C-C86B3BF50311}.Debug|x64.ActiveCfg = Debug|x64
		{1205AD5B-BA67-AB14-9B6C-C86B3BF50311}.Debug|x64.Build.0 = Debug|x64
		{1205AD5B-BA67-AB14-9B6C-C86B3BF50311}.Profile|ARM.ActiveCfg = Profile|ARM
		{1205AD5B-BA67-AB14-9B6C-C86B3BF50311}.Profile|ARM.Build.0 = Profile|ARM
		{1205AD5B-BA67-AB14-9B6C-C86B3BF50311}.Profile|ARM64.ActiveCfg = Profile|ARM64
		{1205AD5B-BA67-AB14-9B6C-C86B3BF50311}.Profile|ARM64.Build.0 = Profile|ARM64
		{1205AD5B-BA67-AB14-9B6C-C86B3BF50311}.Profile|Win32.ActiveCfg = Profile|Win32
		{1205AD5B-BA67-AB14-9B6C-C86B3BF50311}.Profile|Win32.Build.0 = Profile|Win32
		{1205AD5B-BA67-AB14-9B6C-C86B3BF50311}.Profile|x64.ActiveCfg = Profile|x64
		{1205AD5B-BA67-AB14-9B6C-C86B3BF50311}.Profile|x64.Build.0 = Profile|x64
		{1205AD5B-BA67-AB14-9B6C-C86B3BF50311}.Release|ARM.ActiveCfg = Release|ARM
		{1205AD5B-BA67-AB14-9B6C-C86B3BF50311}.Release|ARM.Build.0 = Release|ARM
		{1205AD5B-BA67-AB14-9B6C-C86B3BF50311}.Release|ARM64.ActiveCfg = Release|ARM64
		{1205AD5B-BA67-AB14-9B6C-C86B3BF50311}.Release|ARM64.Build.0 = Release|ARM64
		{1205AD5B-BA67-AB14-9B6C-C86B3BF50311}.Release|Win32.ActiveCfg = Release|Win32
		{1205AD5B-BA67-AB14-9B6C-C86B3BF50311}.Release|Win32.Build.0 = Release|Win32
		{1205AD5B-BA67-AB14-9B6C-C86B3BF50311}.Release|x64.ActiveCfg = Release|x64
		{1205AD5B-BA67-AB14-9B6C-C86B3BF50311}.Release|x64.Build.0 = Release|x64
		{6110FEB5-AD33-67D5-8590-1C0E32A04692}.Debug|ARM.ActiveCfg = Debug|ARM
		{6110FEB5-AD33-67D5-8590-1C0E32A04692}.Debug|ARM.Build.0 = Debug|ARM
		{6110FEB5-AD33-67D5-8590-1C0E32A04692}.Debug|ARM64.ActiveCfg = Debug|ARM64
		{6110FEB5-AD33-67D5-8590-1C0E32A04692}.Debug|ARM64.Build.0 = Debug|ARM64
		{6110FEB5-AD33-67D5-8590-1C0E32A04692}.Debug|Win32.ActiveCfg = Debug|Win32
		{6110FEB5-AD33-67D5-8590-1C0E32A04692}.Debug|Win32.Build.0 = Debug|Win32
		{6110FEB5-AD33-67D5-8590-1C0E32A04692}.Debug|x64.ActiveCfg = Debug|x64
		{6110FEB5-AD33-67D5-8590-1C0E32A04692}.Debug|x64.Build.0 = Debug|x64
		{6110FEB5-AD33-67D5-8590-1C0E32A04692}.Profile|ARM.ActiveCfg = Profile|ARM
		{6110FEB5-AD33-67D5-8590-1C0E32A04692}.Profile|ARM.Build.0 = Profile|ARM
		{6110FEB5-AD33-67D5-8590-1C0E32A04692}.Profile|ARM64.ActiveCfg = Profile|ARM64
		{6110FEB5-AD33-67D5-8590-1C0E32A04692}.Profile|ARM64.Build.0 = Profile|ARM64
		{6110FEB5-AD33-67D5-8590-1C0E32A04692}.Profile|Win32.ActiveCfg = Profile|Win32
		{6110FEB5-AD33-67D5-8590-1C0E32A04692}.Profile|Win32.Build.0 = Profile|Win32
		{6110FEB5-AD33-67D5-8590-1C0E32A04692}.Profile|x64.ActiveCfg = Profile|x64
		{6110FEB5-AD33-67D5-8590-1C0E32A04692}.Profile|x64.Build.0 = Profile|x64
		{6110FEB5-AD33-67D5-8590-1C0E32A04692}.Release|ARM.ActiveCfg = Release|ARM
		{6110FEB5-AD33-67D5-8590-1C0E32A04692}.Release|ARM.Build.0 = Release|ARM
		{6110FEB5-AD33-67D5-8590-1C0E32A04692}.Release|ARM64.ActiveCfg = Release|ARM64
		{6110FEB5-AD33-67D5-8590-1C0E32A04692}.Release|ARM64.Build.0 = Release|ARM64
		{6110FEB5-AD33-67D5-8590-1C0E32A04692}.Release|Win32.ActiveCfg = Release|Win32
		{6110FEB5-AD33-67D5-8590-1C0E32A04692}.Release|Win32.Build.0 = Release|Win32
		{6110FEB5-AD33-67D5-8590-1C0E32A04692}.Release|x64.ActiveCfg = Release|x64
		{6110FEB5-AD33-67D5-8590-1C0E32A04692}.Release|x64.Build.0 = Release|x64
		{1ADF451F-60AA-6C3C-9170-74DEF6286EDA}.Debug|ARM.ActiveCfg = Debug|ARM
		{1ADF451F-60AA-6C3C-9170-74DEF6286EDA}.Debug|ARM.Build.0 = Debug|ARM
		{1ADF451F-60AA-6C3C-9170-74DEF6286EDA}.Debug|ARM64.ActiveCfg = Debug|ARM64
		{1ADF451F-60AA-6C3C-9170-74DEF6286EDA}.Debug|ARM64.Build.0 = Debug|ARM64
		{1ADF451F-60AA-6C3C-9170-74DEF6286EDA}.Debug|Win32.ActiveCfg = Debug|Win32
		{1ADF451F-60AA-6C3C-9170-74DEF6286EDA}.Debug|Win32.Build.0 = Debug|Win32
		{1ADF451F-60AA-6C3C-9170-74DEF6286EDA}.Debug|x64.ActiveCfg = Debug|x64
		{1ADF451F-60AA-6C3C-9170-74DEF6286EDA}.Debug|x64.Build.0 = Debug|x64
		{1ADF451F-60AA-6C3C-9170-74DEF6286EDA}.Profile|ARM.ActiveCfg = Profile|ARM
		{1ADF451F-60AA-6C3C-9170-74DEF6286EDA}.Profile|ARM.Build.0 = Profile|ARM
		{1ADF451F-60AA-6C3C-9170-74DEF6286EDA}.Profile|ARM64.ActiveCfg = Profile|ARM64
		{1ADF451F-60AA-6C3C-9170-74DEF6286EDA}.Profile|ARM64.Build.0 = Profile|ARM64
		{1ADF451F-60AA-6C3C-9170-74DEF6286EDA}.Profile|Win32.ActiveCfg = Profile|Win32
		{1ADF451F-60AA-6C3C-9170-74DEF6286EDA}.Profile|Win32.Build.0 = Profile|Win32
		{1ADF451F-60AA-6C3C-9170-74DEF6286EDA}.Profile|x64.ActiveCfg = Profile|x64
		{1ADF451F-60AA-6C3C-9170-74DEF6286EDA}.Profile|x64.Build.0 = Profile|x64
		{1ADF451F-60AA-6C3C-9170-74DEF6286EDA}.Release|ARM.ActiveCfg = Release|ARM
		{1ADF451F-60AA-6C3C-9170-74DEF6286EDA}.Release|ARM.Build.0 = Release|ARM
		{1ADF451F-60AA-6C3C-9170-74DEF6286EDA}.Release|ARM64.ActiveCfg = Release|ARM64
		{1ADF451F-60AA-6C3C-9170-74DEF6286EDA}.Release|ARM64.Build.0 = Release|ARM64
		{1ADF451F-60AA-6C3C-9170-74DEF6286EDA}.Release|Win32.ActiveCfg = Release|Win32
		{1ADF451F-60AA-6C3C-9170-74DEF6286EDA}.Release|Win32.Build.0 = Release|Win32
		{1ADF451F-60AA-6C3C-9170-74DEF6286EDA}.Release|x64.ActiveCfg = Release|x64
		{1ADF451F-60AA-6C3C-9170-74DEF6286EDA}.Release|x64.Build.0 = Release|x64
		{AC0B0F09-15DF-6204-FD11-64AC909FBDF5}.Debug|ARM.ActiveCfg = Debug|ARM
		{AC0B0F09-15DF-6204-FD11-64AC909FBDF5}.Debug|ARM.Build.0 = Debug|ARM
		{AC0B0F09-15DF-6204-FD11-64AC909FBDF5}.Debug|ARM64.ActiveCfg = Debug|ARM64
		{AC0B0F09-15DF-6204-FD11-64AC909FBDF5}.Debug|ARM64.Build.0 = Debug|ARM64
		{AC0B0F09-15DF-6204-FD11-64AC909FBDF5}.Debug|Win32.ActiveCfg = Debug|Win32
		{AC0B0F09-15DF-6204-FD11-64AC909FBDF5}.Debug|Win32.Build.0 = Debug|Win32
		{AC0B0F09-15DF-6204-FD11-64AC909FBDF5}.Debug|x64.ActiveCfg = Debug|x64
		{AC0B0F09-15DF-6204-FD11-64AC909FBDF5}.Debug|x64.Build.0 = Debug|x64
		{AC0B0F09-15DF-6204-FD11-64AC909FBDF5}.Profile|ARM.ActiveCfg = Profile|ARM
		{AC0B0F09-15DF-6204-FD11-64AC909FBDF5}.Profile|ARM.Build.0 = Profile|ARM
		{AC0B0F09-15DF-6204-FD11-64AC909FBDF5}.Profile|ARM64.ActiveCfg = Profile|ARM64
		{AC0B0F09-15DF-6204-FD11-64AC909FBDF5}.Profile|ARM64.Build.0 = Profile|ARM64
		{AC0B0F09-15DF-6204-FD11-64AC909FBDF5}.Profile|Win32.ActiveCfg = Profile|Win32
		{AC0B0F09-15DF-6204-FD11-64AC909FBDF5}.Profile|Win32.Build.0 = Profile|Win32
		{AC0B0F09-15DF-6204-FD11-64AC909FBDF5}.Profile|x64.ActiveCfg = Profile|x64
		{AC0B0F09-15DF-6204-FD11-64AC909FBDF5}.Profile|x64.Build.0 = Profile|x64
		{AC0B0F09-15DF-6204-FD11-64AC909FBDF5}.Release|ARM.ActiveCfg = Release|ARM
		{AC0B0F09-15DF-6204-FD11-64AC909FBDF5}.Release|ARM.Build.0 = Release|ARM
		{AC0B0F09-15DF-6204-FD11-64AC909FBDF5}.Release|ARM64.ActiveCfg = Release|ARM64
		{AC0B0F09-15DF-6204-FD11-64AC909FBDF5}.Release|ARM64.Build.0 = Release|ARM64
		{AC0B0F09-15DF-6204-FD11-64AC909FBDF5}.Release|Win32.ActiveCfg = Release|Win32
		{AC0B0F09-15DF-6204-FD11-64AC909FBDF5}.Release|Win32.Build.0 = Release|Win32
		{AC0B0F09-15DF-6204-FD11-64AC909FBDF5}.Release|x64.ActiveCfg = Release|x64
		{AC0B0F09-15DF-6204-FD11-64AC909FBDF5}.Release|x64.Build.0 = Release|x64
		{57903A7E-2FEF-F0E8-65BF-D2ED1D6AAD20}.Debug|ARM.ActiveCfg = Debug|ARM
		{57903A7E-2FEF-F0E8-65BF-D2ED1D6AAD20}.Debug|ARM.Build.0 = Debug|ARM
		{57903A7E-2FEF-F0E8-65BF-D2ED1D6AAD20}.Debug|ARM64.ActiveCfg = Debug|ARM64
		{57903A7E-2FEF-F0E8-65BF-D2ED1D6AAD20}.Debug|ARM64.Build.0 = Debug|ARM64
		{57903A7E-2FEF-F0E8-65BF-D2ED1D6AAD20}.Debug|Win32.ActiveCfg = Debug|Win32
		{57903A7E-2FEF-F0E8-65BF-D2ED1D6AAD20}.Debug|Win32.Build.0 = Debug|Win32
		{57903A7E-2FEF-F0E8-65BF-D2ED1D6AAD20}.Debug|x64.ActiveCfg = Debug|x64
		{57903A7E-2FEF-F0E8-65BF-D2ED1D6AAD20}.Debug|x64.Build.0 = Debug|x64
		{57903A7E-2FEF-F0E8-65BF-D2ED1D6AAD20}.Profile|ARM.ActiveCfg = Profile|ARM
		{57903A7E-2FEF-F0E8-65BF-D2ED1D6AAD20}.Profile|ARM.Build.0 = Profile|ARM
		{57903A7E-2FEF-F0E8-65BF-D2ED1D6AAD20}.Profile|ARM64.ActiveCfg = Profile|ARM64
		{57903A7E-2FEF-F0E8-65BF-D2ED1D6AAD20}.Profile|ARM64.Build.0 = Profile|ARM64
		{57903A7E-2FEF-F0E8-65BF-D2ED1D6AAD20}.Profile|Win32.ActiveCfg = Profile|Win32
		{57903A7E-2FEF-F0E8-65BF-D2ED1D6AAD20}.Profile|Win32.Build.0 = Profile|Win32
		{57903A7E-2FEF-F0E8-65BF-D2ED1D6AAD20}.Profile|x64.ActiveCfg = Profile|x64
		{57903A7E-2FEF-F0E8-65BF-D2ED1D6AAD20}.Profile|x64.Build.0 = Profile|x64
		{57903A7E-2FEF-F0E8-65BF-D2ED1D6AAD20}.Release|ARM.ActiveCfg = Release|ARM
		{57903A7E-2FEF-F0E8-65BF-D2ED1D6AAD20}.Release|ARM.Build.0 = Release|ARM
		{57903A7E-2FEF-F0E8-65BF-D2ED1D6AAD20}.Release|ARM64.ActiveCfg = Release|ARM64
		{57903A7E-2FEF-F0E8-65BF-D2ED1D6AAD20}.Release|ARM64.Build.0 = Release|ARM64
		{57903A7E-2FEF-F0E8-65BF-D2ED1D6AAD20}.Release|Win32.ActiveCfg = Release|Win32
		{57903A7E-2FEF-F0E8-65BF-D2ED1D6AAD20}.Release|Win32.Build.0 = Release|Win32
		{57903A7E-2FEF-F0E8-65BF-D2ED1D6AAD20}.Release|x64.ActiveCfg = Release|x64
		{57903A7E-2FEF-F0E8-65BF-D2ED1D6AAD20}.Release|x64.Build.0 = Release|x64
		{8669C294-CBCB-6C56-0E3A-D00C3A6ABF2B}.Debug|ARM.ActiveCfg = Debug|ARM
		{8669C294-CBCB-6C56-0E3A-D00C3A6ABF2B}.Debug|ARM.Build.0 = Debug|ARM
		{8669C294-CBCB-6C56-0E3A-D00C3A6ABF2B}.Debug|ARM64.ActiveCfg = Debug|ARM64
		{8669C294-CBCB-6C56-0E3A-D00C3A6ABF2B}.Debug|ARM64.Build.0 = Debug|ARM64
		{8669C294-CBCB-6C56-0E3A-D00C3A6ABF2B}.Debug|Win32.ActiveCfg = Debug|Win32
		{8669C294-CBCB-6C56-0E3A-D00C3A6ABF2B}.Debug|Win32.Build.0 = Debug|Win32
		{8669C294-CBCB-6C56-0E3A-D00C3A6ABF2B}.Debug|x64.ActiveCfg = Debug|x64
		{8669C294-CBCB-6C56-0E3A-D00C3A6ABF2B}.Debug|x64.Build.0 = Debug|x64
		{8669C294-CBCB-6C56-0E3A-D00C3A6ABF2B}.Profile|ARM.ActiveCfg = Profile|ARM
		{8669C294-CBCB-6C56-0E3A-D00C3A6ABF2B}.Profile|ARM.Build.0 = Profile|ARM
		{8669C294-CBCB-6C56-0E3A-D00C3A6ABF2B}.Profile|ARM64.ActiveCfg = Profile|ARM64
		{8669C294-CBCB-6C56-0E3A-D00C3A6ABF2B}.Profile|ARM64.Build.0 = Profile|ARM64
		{8669C294-CBCB-6C56-0E3A-D00C3A6ABF2B}.Profile|Win32.ActiveCfg = Profile|Win32
		{8669C294-CBCB-6C56-0E3A-D00C3A6ABF2B}.Profile|Win32.Build.0 = Profile|Win32
		{8669C294-CBCB-6C56-0E3A-D00C3A6ABF2B}.Profile|x64.ActiveCfg = Profile|x64
		{8669C294-CBCB-6C56-0E3A-D00C3A6ABF2B}.Profile|x64.Build.0 = Profile|x64
		{8669C294-CBCB-6C56-0E3A-D00C3A6ABF2B}.Release|ARM.ActiveCfg = Release|ARM
		{8669C294-CBCB-6C56-0E3A-D00C3A6ABF2B}.Release|ARM.Build.0 = Release|ARM
		{8669C294-CBCB-6C56-0E3A-D00C3A6ABF2B}.Release|ARM64.ActiveCfg = Release|ARM64
		{8669C294-CBCB-6C56-0E3A-D00C3A6ABF2B}.Release|ARM64.Build.0 = Release|ARM64
		{8669C294-CBCB-6C56-0E3A-D00C3A6ABF2B}.Release|Win32.ActiveCfg = Release|Win32
		{8669C294-CBCB-6C56-0E3A-D00C3A6ABF2B}.Release|Win32.Build.0 = Release|Win32
		{8669C294-CBCB-6C56-0E3A-D00C3A6ABF2B}.Release|x64.ActiveCfg = Release|x64
		{8669C294-CBCB-6C56-0E3A-D00C3A6ABF2B}.Release|x64.Build.0 = Release|x64
		{D4F4AB80-3FD8-501D-4004-A3AA5D490D02}.Debug|ARM.ActiveCfg = Debug|ARM
		{D4F4AB80-3FD8-501D-4004-A3AA5D490D02}.Debug|ARM.Build.0 = Debug|ARM
		{D4F4AB80-3FD8-501D-4004-A3AA5D490D02}.Debug|ARM64.ActiveCfg = Debug|ARM64
		{D4F4AB80-3FD8-501D-4004-A3AA5D490D02}.Debug|ARM64.Build.0 = Debug|ARM64
		{D4F4AB80-3FD8-501D-4004-A3AA5D490D02}.Debug|Win32.ActiveCfg = Debug|Win32
		{D4F4AB80-3FD8-501D-4004-A3AA5D490D02}.Debug|Win32.Build.0 = Debug|Win32
		{D4F4AB80-3FD8-501D-4004-A3AA5D490D02}.Debug|x64.ActiveCfg = Debug|x64
		{D4F4AB80-3FD8-501D-4004-A3AA5D490D02}.Debug|x64.Build.0 = Debug|x64
		{D4F4AB80-3FD8-501D-4004-A3AA5D490D02}.Profile|ARM.ActiveCfg = Profile|ARM
		{D4F4AB80-3FD8-501D-4004-A3AA5D490D02}.Profile|ARM.Build.0 = Profile|ARM
		{D4F4AB80-3FD8-501D-4004-A3AA5D490D02}.Profile|ARM64.ActiveCfg = Profile|ARM64
		{D4F4AB80-3FD8-501D-4004-A3AA5D490D02}.Profile|ARM64.Build.0 = Profile|ARM64
		{D4F4AB80-3FD8-501D-4004-A3AA5D490D02}.Profile|Win32.ActiveCfg = Profile|Win32
		{D4F4AB80-3FD8-501D-4004-A3AA5D490D02}.Profile|Win32.Build.0 = Profile|Win32
		{D4F4AB80-3FD8-501D-4004-A3AA5D490D02}.Profile|x64.ActiveCfg = Profile|x64
		{D4F4AB80-3FD8-501D-4004-A3AA5D490D02}.Profile|x64.Build.0 = Profile|x64
		{D4F4AB80-3FD8-501D-4004-A3AA5D490D02}.Release|ARM.ActiveCfg = Release|ARM
		{D4F4AB80-3FD8-501D-4004-A3AA5D490D02}.Release|ARM.Build.0 = Release|ARM
		{D4F4AB80-3FD8-501D-4004-A3AA5D490D02}.Release|ARM64.ActiveCfg = Release|ARM64
		{D4F4AB80-3FD8-501D-4004-A3AA5D490D02}.Release|ARM64.Build.0 = Release|ARM64
		{D4F4AB80-3FD8-501D-4004-A3AA5D490D02}.Release|Win32.ActiveCfg = Release|Win32
		{D4F4AB80-3FD8-501D-4004-A3AA5D490D02}.Release|Win32.Build.0 = Release|Win32
		{D4F4AB80-3FD8-501D-4004-A3AA5D490D02}.Release|x64.ActiveCfg = Release|x64
		{D4F4AB80-3FD8-501D-4004-A3AA5D490D02}.Release|x64.Build.0 = Release|x64
		{EC0750CE-5569-1F11-4956-71D5EAD5F328}.Debug|ARM.ActiveCfg = Debug|ARM
		{EC0750CE-5569-1F11-4956-71D5EAD5F328}.Debug|ARM.Build.0 = Debug|ARM
		{EC0750CE-5569-1F11-4956-71D5EAD5F328}.Debug|ARM64.ActiveCfg = Debug|ARM64
		{EC0750CE-5569-1F11-4956-71D5EAD5F328}.Debug|ARM64.Build.0 = Debug|ARM64
		{EC0750CE-5569-1F11-4956-71D5EAD5F328}.Debug|Win32.ActiveCfg = Debug|Win32
		{EC0750CE-5569-1F11-4956-71D5EAD5F328}.Debug|Win32.Build.0 = Debug|Win32
		{EC0750CE-5569-1F11-4956-71D5EAD5F328}.Debug|x64.ActiveCfg = Debug|x64
		{EC0750CE-5569-1F11-4956-71D5EAD5F328}.Debug|x64.Build.0 = Debug|x64
		{EC0750CE-5569-1F11-4956-71D5EAD5F328}.Profile|ARM.ActiveCfg = Profile|ARM
		{EC0750CE-5569-1F11-4956-71D5EAD5F328}.Profile|ARM.Build.0 = Profile|ARM
		{EC0750CE-5569-1F11-4956-71D5EAD5F328}.Profile|ARM64.ActiveCfg = Profile|ARM64
		{EC0750CE-5569-1F11-4956-71D5EAD5F328}.Profile|ARM64.Build.0 = Profile|ARM64
		{EC0750CE-5569-1F11-4956-71D5EAD5F328}.Profile|Win32.ActiveCfg = Profile|Win32
		{EC0750CE-5569-1F11-4956-71D5EAD5F328}.Profile|Win32.Build.0 = Profile|Win32
		{EC0750CE-5569-1F11-4956-71D5EAD5F328}.Profile|x64.ActiveCfg = Profile|x64
		{EC0750CE-5569-1F11-4956-71D5EAD5F328}.Profile|x64.Build.0 = Profile|x64
		{EC0750CE-5569-1F11-4956-71D5EAD5F328}.Release|ARM.ActiveCfg = Release|ARM
		{EC0750CE-5569-1F11-4956-71D5EAD5F328}.Release|ARM.Build.0 = Release|ARM
		{EC0750CE-5569-1F11-4956-71D5EAD5F328}.Release|ARM64.ActiveCfg = Release|ARM64
		{EC0750CE-5569-1F11-4956-71D5EAD5F328}.Release|ARM64.Build.0 = Release|ARM64
		{EC0750CE-5569-1F11-4956-71D5EAD5F328}.Release|Win32.ActiveCfg = Release|Win32
		{EC0750CE-5569-1F11-4956-71D5EAD5F328}.Release|Win32.Build.0 = Release|Win32
		{EC0750CE-5569-1F11-4956-71D5EAD5F328}.Release|x64.ActiveCfg = Release|x64
		{EC0750CE-5569-1F11-4956-71D5EAD5F328}.Release|x64.Build.0 = Release|x64
		{F3F4E922-9C12-8DBD-3A67-7C7750C0E600}.Debug|ARM.ActiveCfg = Debug|ARM
		{F3F4E922-9C12-8DBD-3A67-7C7750C0E600}.Debug|ARM.Build.0 = Debug|ARM
		{F3F4E922-9C12-8DBD-3A67-7C7750C0E600}.Debug|ARM64.ActiveCfg = Debug|ARM64
		{F3F4E922-9C12-8DBD-3A67-7C7750C0E600}.Debug|ARM64.Build.0 = Debug|ARM64
		{F3F4E922-9C12-8DBD-3A67-7C7750C0E600}.Debug|Win32.ActiveCfg = Debug|Win32
		{F3F4E922-9C12-8DBD-3A67-7C7750C0E600}.Debug|Win32.Build.0 = Debug|Win32
		{F3F4E922-9C12-8DBD-3A67-7C7750C0E600}.Debug|x64.ActiveCfg = Debug|x64
		{F3F4E922-9C12-8DBD-3A67-7C7750C0E600}.Debug|x64.Build.0 = Debug|x64
		{F3F4E922-9C12-8DBD-3A67-7C7750C0E600}.Profile|ARM.ActiveCfg = Profile|ARM
		{F3F4E922-9C12-8DBD-3A67-7C7750C0E600}.Profile|ARM.Build.0 = Profile|ARM
		{F3F4E922-9C12-8DBD-3A67-7C7750C0E600}.Profile|ARM64.ActiveCfg = Profile|ARM64
		{F3F4E922-9C12-8DBD-3A67-7C7750C0E600}.Profile|ARM64.Build.0 = Profile|ARM64
		{F3F4E922-9C12-8DBD-3A67-7C7750C0E600}.Profile|Win32.ActiveCfg = Profile|Win32
		{F3F4E922-9C12-8DBD-3A67-7C7750C0E600}.Profile|Win32.Build.0 = Profile|Win32
		{F3F4E922-9C12-8DBD-3A67-7C7750C0E600}.Profile|x64.ActiveCfg = Profile|x64
		{F3F4E922-9C12-8DBD-3A67-7C7750C0E600}.Profile|x64.Build.0 = Profile|x64
		{F3F4E922-9C12-8DBD-3A67-7C7750C0E600}.Release|ARM.ActiveCfg = Release|ARM
		{F3F4E922-9C12-8DBD-3A67-7C7750C0E600}.Release|ARM.Build.0 = Release|ARM
		{F3F4E922-9C12-8DBD-3A67-7C7750C0E600}.Release|ARM64.ActiveCfg = Release|ARM64
		{F3F4E922-9C12-8DBD-3A67-7C7750C0E600}.Release|ARM64.Build.0 = Release|ARM64
		{F3F4E922-9C12-8DBD-3A67-7C7750C0E600}.Release|Win32.ActiveCfg = Release|Win32
		{F3F4E922-9C12-8DBD-3A67-7C7750C0E600}.Release|Win32.Build.0 = Release|Win32
		{F3F4E922-9C12-8DBD-3A67-7C7750C0E600}.Release|x64.ActiveCfg = Release|x64
		{F3F4E922-9C12-8DBD-3A67-7C7750C0E600}.Release|x64.Build.0 = Release|x64
		{7ACCD404-BF93-50E3-C4DC-311B80A9EC9C}.Debug|ARM.ActiveCfg = Debug|ARM
		{7ACCD404-BF93-50E3-C4DC-311B80A9EC9C}.Debug|ARM.Build.0 = Debug|ARM
		{7ACCD404-BF93-50E3-C4DC-311B80A9EC9C}.Debug|ARM64.ActiveCfg = Debug|ARM64
		{7ACCD404-BF93-50E3-C4DC-311B80A9EC9C}.Debug|ARM64.Build.0 = Debug|ARM64
		{7ACCD404-BF93-50E3-C4DC-311B80A9EC9C}.Debug|Win32.ActiveCfg = Debug|Win32
		{7ACCD404-BF93-50E3-C4DC-311B80A9EC9C}.Debug|Win32.Build.0 = Debug|Win32
		{7ACCD404-BF93-50E3-C4DC-311B80A9EC9C}.Debug|x64.ActiveCfg = Debug|x64
		{7ACCD404-BF93-50E3-C4DC-311B80A9EC9C}.Debug|x64.Build.0 = Debug|x64
		{7ACCD404-BF93-50E3-C4DC-311B80A9EC9C}.Profile|ARM.ActiveCfg = Profile|ARM
		{7ACCD404-BF93-50E3-C4DC-311B80A9EC9C}.Profile|ARM.Build.0 = Profile|ARM
		{7ACCD404-BF93-50E3-C4DC-311B80A9EC9C}.Profile|ARM64.ActiveCfg = Profile|ARM64
		{7ACCD404-BF93-50E3-C4DC-311B80A9EC9C}.Profile|ARM64.Build.0 = Profile|ARM64
		{7ACCD404-BF93-50E3-C4DC-311B80A9EC9C}.Profile|Win32.ActiveCfg = Profile|Win32
		{7ACCD404-BF93-50E3-C4DC-311B80A9EC9C}.Profile|Win32.Build.0 = Profile|Win32
		{7ACCD404-BF93-50E3-C4DC-311B80A9EC9C}.Profile|x64.ActiveCfg = Profile|x64
		{7ACCD404-BF93-50E3-C4DC-311B80A9EC9C}.Profile|x64.Build.0 = Profile|x64
		{7ACCD404-BF93-50E3-C4DC-311B80A9EC9C}.Release|ARM.ActiveCfg = Release|ARM
		{7ACCD404-BF93-50E3-C4DC-311B80A9EC9C}.Release|ARM.Build.0 = Release|ARM
		{7ACCD404-BF93-50E3-C4DC-311B80A9EC9C}.Release|ARM64.ActiveCfg = Release|ARM64
		{7ACCD404-BF93-50E3-C4DC-311B80A9EC9C}.Release|ARM64.Build.0 = Release|ARM64
		{7ACCD404-BF93-50E3-C4DC-311B80A9EC9C}.Release|Win32.ActiveCfg = Release|Win32
		{7ACCD404-BF93-50E3-C4DC-311B80A9EC9C}.Release|Win32.Build.0 = Release|Win32
		{7ACCD404-BF93-50E3-C4DC-311B80A9EC9C}.Release|x64.ActiveCfg = Release|x64
		{7ACCD404-BF93-50E3-C4DC-311B80A9EC9C}.Release|x64.Build.0 = Release|x64
		{8E28A89E-1EE2-645E-7462-D82A603E9E65}.Debug|ARM.ActiveCfg = Debug|ARM
		{8E28A89E-1EE2-645E-7462-D82A603E9E65}.Debug|ARM.Build.0 = Debug|ARM
		{8E28A89E-1EE2-645E-7462-D82A603E9E65}.Debug|ARM64.ActiveCfg = Debug|ARM64
		{8E28A89E-1EE2-645E-7462-D82A603E9E65}.Debug|ARM64.Build.0 = Debug|ARM64
		{8E28A89E-1EE2-645E-7462-D82A603E9E65}.Debug|Win32.ActiveCfg = Debug|Win32
		{8E28A89E-1EE2-645E-7462-D82A603E9E65}.Debug|Win32.Build.0 = Debug|Win32
		{8E28A89E-1EE2-645E-7462-D82A603E9E65}.Debug|x64.ActiveCfg = Debug|x64
		{8E28A89E-1EE2-645E-7462-D82A603E9E65}.Debug|x64.Build.0 = Debug|x64
		{8E28A89E-1EE2-645E-7462-D82A603E9E65}.Profile|ARM.ActiveCfg = Profile|ARM
		{8E28A89E-1EE2-645E-7462-D82A603E9E65}.Profile|ARM.Build.0 = Profile|ARM
		{8E28A89E-1EE2-645E-7462-D82A603E9E65}.Profile|ARM64.ActiveCfg = Profile|ARM64
		{8E28A89E-1EE2-645E-7462-D82A603E9E65}.Profile|ARM64.Build.0 = Profile|ARM64
		{8E28A89E-1EE2-645E-7462-D82A603E9E65}.Profile|Win32.ActiveCfg = Profile|Win32
		{8E28A89E-1EE2-645E-7462-D82A603E9E65}.Profile|Win32.Build.0 = Profile|Win32
		{8E28A89E-1EE2-645E-7462-D82A603E9E65}.Profile|x64.ActiveCfg = Profile|x64
		{8E28A89E-1EE2-645E-7462-D82A603E9E65}.Profile|x64.Build.0 = Profile|x64
		{8E28A89E-1EE2-645E-7462-D82A603E9E65}.Release|ARM.ActiveCfg = Release|ARM
		{8E28A89E-1EE2-645E-7462-D82A603E9E65}.Release|ARM.Build.0 = Release|ARM
		{8E28A89E-1EE2-645E-7462-D82A603E9E65}.Release|ARM64.ActiveCfg = Release|ARM64
		{8E28A89E-1EE2-645E-7462-D82A603E9E65}.Release|ARM64.Build.0 = Release|ARM64
		{8E28A89E-1EE2-645E-7462-D82A603E9E65}.Release|Win32.ActiveCfg = Release|Win32
		{8E28A89E-1EE2-645E-7462-D82A603E9E65}.Release|Win32.Build.0 = Release|Win32
		{8E28A89E-1EE2-645E-7462-D82A603E9E65}.Release|x64.ActiveCfg = Release|x64
		{8E28A89E-1EE2-645E-7462-D82A603E9E65}.Release|x64.Build.0 = Release|x64
		{98872F66-C8CF-E05E-8A94-6C2F30C94BC4}.Debug|ARM.ActiveCfg = Debug|ARM
		{98872F66-C8CF-E05E-8A94-6C2F30C94BC4}.Debug|ARM.Build.0 = Debug|ARM
		{98872F66-C8CF-E05E-8A94-6C2F30C94BC4}.Debug|ARM64.ActiveCfg = Debug|ARM64
		{98872F66-C8CF-E05E-8A94-6C2F30C94BC4}.Debug|ARM64.Build.0 = Debug|ARM64
		{98872F66-C8CF-E05E-8A94-6C2F30C94BC4}.Debug|Win32.ActiveCfg = Debug|Win32
		{98872F66-C8CF-E05E-8A94-6C2F30C94BC4}.Debug|Win32.Build.0 = Debug|Win32
		{98872F66-C8CF-E05E-8A94-6C2F30C94BC4}.Debug|x64.ActiveCfg = Debug|x64
		{98872F66-C8CF-E05E-8A94-6C2F30C94BC4}.Debug|x64.Build.0 = Debug|x64
		{98872F66-C8CF-E05E-8A94-6C2F30C94BC4}.Profile|ARM.ActiveCfg = Profile|ARM
		{98872F66-C8CF-E05E-8A94-6C2F30C94BC4}.Profile|ARM.Build.0 = Profile|ARM
		{98872F66-C8CF-E05E-8A94-6C2F30C94BC4}.Profile|ARM64.ActiveCfg = Profile|ARM64
		{98872F66-C8CF-E05E-8A94-6C2F30C94BC4}.Profile|ARM64.Build.0 = Profile|ARM64
		{98872F66-C8CF-E05E-8A94-6C2F30C94BC4}.Profile|Win32.ActiveCfg = Profile|Win32
		{98872F66-C8CF-E05E-8A94-6C2F30C94BC4}.Profile|Win32.Build.0 = Profile|Win32
		{98872F66-C8CF-E05E-8A94-6C2F30C94BC4}.Profile|x64.ActiveCfg = Profile|x64
		{98872F66-C8CF-E05E-8A94-6C2F30C94BC4}.Profile|x64.Build.0 = Profile|x64
		{98872F66-C8CF-E05E-8A94-6C2F30C94BC4}.Release|ARM.ActiveCfg = Release|ARM
		{98872F66-C8CF-E05E-8A94-6C2F30C94BC4}.Release|ARM.Build.0 = Release|ARM
		{98872F66-C8CF-E05E-8A94-6C2F30C94BC4}.Release|ARM64.ActiveCfg = Release|ARM64
		{98872F66-C8CF-E05E-8A94-6C2F30C94BC4}.Release|ARM64.Build.0 = Release|ARM64
		{98872F66-C8CF-E05E-8A94-6C2F30C94BC4}.Release|Win32.ActiveCfg = Release|Win32
		{98872F66-C8CF-E05E-8A94-6C2F30C94BC4}.Release|Win32.Build.0 = Release|Win32
		{98872F66-C8CF-E05E-8A94-6C2F30C94BC4}.Release|x64.ActiveCfg = Release|x64
		{98872F66-C8CF-E05E-8A94-6C2F30C94BC4}.Release|x64.Build.0 = Release|x64
		{8C4751B4-6C2D-6C47-F0E9-1D649D08D089}.Debug|ARM.ActiveCfg = Debug|ARM
		{8C4751B4-6C2D-6C47-F0E9-1D649D08D089}.Debug|ARM.Build.0 = Debug|ARM
		{8C4751B4-6C2D-6C47-F0E9-1D649D08D089}.Debug|ARM64.ActiveCfg = Debug|ARM64
		{8C4751B4-6C2D-6C47-F0E9-1D649D08D089}.Debug|ARM64.Build.0 = Debug|ARM64
		{8C4751B4-6C2D-6C47-F0E9-1D649D08D089}.Debug|Win32.ActiveCfg = Debug|Win32
		{8C4751B4-6C2D-6C47-F0E9-1D649D08D089}.Debug|Win32.Build.0 = Debug|Win32
		{8C4751B4-6C2D-6C47-F0E9-1D649D08D089}.Debug|x64.ActiveCfg = Debug|x64
		{8C4751B4-6C2D-6C47-F0E9-1D649D08D089}.Debug|x64.Build.0 = Debug|x64
		{8C4751B4-6C2D-6C47-F0E9-1D649D08D089}.Profile|ARM.ActiveCfg = Profile|ARM
		{8C4751B4-6C2D-6C47-F0E9-1D649D08D089}.Profile|ARM.Build.0 = Profile|ARM
		{8C4751B4-6C2D-6C47-F0E9-1D649D08D089}.Profile|ARM64.ActiveCfg = Profile|ARM64
		{8C4751B4-6C2D-6C47-F0E9-1D649D08D089}.Profile|ARM64.Build.0 = Profile|ARM64
		{8C4751B4-6C2D-6C47-F0E9-1D649D08D089}.Profile|Win32.ActiveCfg = Profile|Win32
		{8C4751B4-6C2D-6C47-F0E9-1D649D08D089}.Profile|Win32.Build.0 = Profile|Win32
		{8C4751B4-6C2D-6C47-F0E9-1D649D08D089}.Profile|x64.ActiveCfg = Profile|x64
		{8C4751B4-6C2D-6C47-F0E9-1D649D08D089}.Profile|x64.Build.0 = Profile|x64
		{8C4751B4-6C2D-6C47-F0E9-1D649D08D089}.Release|ARM.ActiveCfg = Release|ARM
		{8C4751B4-6C2D-6C47-F0E9-1D649D08D089}.Release|ARM.Build.0 = Release|ARM
		{8C4751B4-6C2D-6C47-F0E9-1D649D08D089}.Release|ARM64.ActiveCfg = Release|ARM64
		{8C4751B4-6C2D-6C47-F0E9-1D649D08D089}.Release|ARM64.Build.0 = Release|ARM64
		{8C4751B4-6C2D-6C47-F0E9-1D649D08D089}.Release|Win32.ActiveCfg = Release|Win32
		{8C4751B4-6C2D-6C47-F0E9-1D649D08D089}.Release|Win32.Build.0 = Release|Win32
		{8C4751B4-6C2D-6C47-F0E9-1D649D08D089}.Release|x64.ActiveCfg = Release|x64
		{8C4751B4-6C2D-6C47-F0E9-1D649D08D089}.Release|x64.Build.0 = Release|x64
		{B1D43F1F-77F1-FFB9-2A22-AA8574180226}.Debug|ARM.ActiveCfg = Debug|ARM
		{B1D43F1F-77F1-FFB9-2A22-AA8574180226}.Debug|ARM.Build.0 = Debug|ARM
		{B1D43F1F-77F1-FFB9-2A22-AA8574180226}.Debug|ARM64.ActiveCfg = Debug|ARM64
		{B1D43F1F-77F1-FFB9-2A22-AA8574180226}.Debug|ARM64.Build.0 = Debug|ARM64
		{B1D43F1F-77F1-FFB9-2A22-AA8574180226}.Debug|Win32.ActiveCfg = Debug|Win32
		{B1D43F1F-77F1-FFB9-2A22-AA8574180226}.Debug|Win32.Build.0 = Debug|Win32
		{B1D43F1F-77F1-FFB9-2A22-AA8574180226}.Debug|x64.ActiveCfg = Debug|x64
		{B1D43F1F-77F1-FFB9-2A22-AA8574180226}.Debug|x64.Build.0 = Debug|x64
		{B1D43F1F-77F1-FFB9-2A22-AA8574180226}.Profile|ARM.ActiveCfg = Profile|ARM
		{B1D43F1F-77F1-FFB9-2A22-AA8574180226}.Profile|ARM.Build.0 = Profile|ARM
		{B1D43F1F-77F1-FFB9-2A22-AA8574180226}.Profile|ARM64.ActiveCfg = Profile|ARM64
		{B1D43F1F-77F1-FFB9-2A22-AA8574180226}.Profile|ARM64.Build.0 = Profile|ARM64
		{B1D43F1F-77F1-FFB9-2A22-AA8574180226}.Profile|Win32.ActiveCfg = Profile|Win32
		{B1D43F1F-77F1-FFB9-2A22-AA8574180226}.Profile|Win32.Build.0 = Profile|Win32
		{B1D43F1F-77F1-FFB9-2A22-AA8574180226}.Profile|x64.ActiveCfg = Profile|x64
		{B1D43F1F-77F1-FFB9-2A22-AA8574180226}.Profile|x64.Build.0 = Profile|x64
		{B1D43F1F-77F1-FFB9-2A22-AA8574180226}.Release|ARM.ActiveCfg = Release|ARM
		{B1D43F1F-77F1-FFB9-2A22-AA8574180226}.Release|ARM.Build.0 = Release|ARM
		{B1D43F1F-77F1-FFB9-2A22-AA8574180226}.Release|ARM64.ActiveCfg = Release|ARM64
		{B1D43F1F-77F1-FFB9-2A22-AA8574180226}.Release|ARM64.Build.0 = Release|ARM64
		{B1D43F1F-77F1-FFB9-2A22-AA8574180226}.Release|Win32.ActiveCfg = Release|Win32
		{B1D43F1F-77F1-FFB9-2A22-AA8574180226}.Release|Win32.Build.0 = Release|Win32
		{B1D43F1F-77F1-FFB9-2A22-AA8574180226}.Release|x64.ActiveCfg = Release|x64
		{B1D43F1F-77F1-FFB9-2A22-AA8574180226}.Release|x64.Build.0 = Release|x64
		{B6C76450-6DDF-A168-C2E2-8C492BED995A}.Debug|ARM.ActiveCfg = Debug|ARM
		{B6C76450-6DDF-A168-C2E2-8C492BED995A}.Debug|ARM.Build.0 = Debug|ARM
		{B6C76450-6DDF-A168-C2E2-8C492BED995A}.Debug|ARM64.ActiveCfg = Debug|ARM64
		{B6C76450-6DDF-A168-C2E2-8C492BED995A}.Debug|ARM64.Build.0 = Debug|ARM64
		{B6C76450-6DDF-A168-C2E2-8C492BED995A}.Debug|Win32.ActiveCfg = Debug|Win32
		{B6C76450-6DDF-A168-C2E2-8C492BED995A}.Debug|Win32.Build.0 = Debug|Win32
		{B6C76450-6DDF-A168-C2E2-8C492BED995A}.Debug|x64.ActiveCfg = Debug|x64
		{B6C76450-6DDF-A168-C2E2-8C492BED995A}.Debug|x64.Build.0 = Debug|x64
		{B6C76450-6DDF-A168-C2E2-8C492BED995A}.Profile|ARM.ActiveCfg = Profile|ARM
		{B6C76450-6DDF-A168-C2E2-8C492BED995A}.Profile|ARM.Build.0 = Profile|ARM
		{B6C76450-6DDF-A168-C2E2-8C492BED995A}.Profile|ARM64.ActiveCfg = Profile|ARM64
		{B6C76450-6DDF-A168-C2E2-8C492BED995A}.Profile|ARM64.Build.0 = Profile|ARM64
		{B6C76450-6DDF-A168-C2E2-8C492BED995A}.Profile|Win32.ActiveCfg = Profile|Win32
		{B6C76450-6DDF-A168-C2E2-8C492BED995A}.Profile|Win32.Build.0 = Profile|Win32
		{B6C76450-6DDF-A168-C2E2-8C492BED995A}.Profile|x64.ActiveCfg = Profile|x64
		{B6C76450-6DDF-A168-C2E2-8C492BED995A}.Profile|x64.Build.0 = Profile|x64
		{B6C76450-6DDF-A168-C2E2-8C492BED995A}.Release|ARM.ActiveCfg = Release|ARM
		{B6C76450-6DDF-A168-C2E2-8C492BED995A}.Release|ARM.Build.0 = Release|ARM
		{B6C76450-6DDF-A168-C2E2-8C492BED995A}.Release|ARM64.ActiveCfg = Release|ARM64
		{B6C76450-6DDF-A168-C2E2-8C492BED995A}.Release|ARM64.Build.0 = Release|ARM64
		{B6C76450-6DDF-A168-C2E2-8C492BED995A}.Release|Win32.ActiveCfg = Release|Win32
		{B6C76450-6DDF-A168-C2E2-8C492BED995A}.Release|Win32.Build.0 = Release|Win32
		{B6C76450-6DDF-A168-C2E2-8C492BED995A}.Release|x64.ActiveCfg = Release|x64
		{B6C76450-6DDF-A168-C2E2-8C492BED995A}.Release|x64.Build.0 = Release|x64
		{F6C22574-1C3C-4050-DE82-1C389D2AD996}.Debug|ARM.ActiveCfg = Debug|ARM
		{F6C22574-1C3C-4050-DE82-1C389D2AD996}.Debug|ARM.Build.0 = Debug|ARM
		{F6C22574-1C3C-4050-DE82-1C389D2AD996}.Debug|ARM64.ActiveCfg = Debug|ARM64
		{F6C22574-1C3C-4050-DE82-1C389D2AD996}.Debug|ARM64.Build.0 = Debug|ARM64
		{F6C22574-1C3C-4050-DE82-1C389D2AD996}.Debug|Win32.ActiveCfg = Debug|Win32
		{F6C22574-1C3C-4050-DE82-1C389D2AD996}.Debug|Win32.Build.0 = Debug|Win32
		{F6C22574-1C3C-4050-DE82-1C389D2AD996}.Debug|x64.ActiveCfg = Debug|x64
		{F6C22574-1C3C-4050-DE82-1C389D2AD996}.Debug|x64.Build.0 = Debug|x64
		{F6C22574-1C3C-4050-DE82-1C389D2AD996}.Profile|ARM.ActiveCfg = Profile|ARM
		{F6C22574-1C3C-4050-DE82-1C389D2AD996}.Profile|ARM.Build.0 = Profile|ARM
		{F6C22574-1C3C-4050-DE82-1C389D2AD996}.Profile|ARM64.ActiveCfg = Profile|ARM64
		{F6C22574-1C3C-4050-DE82-1C389D2AD996}.Profile|ARM64.Build.0 = Profile|ARM64
		{F6C22574-1C3C-4050-DE82-1C389D2AD996}.Profile|Win32.ActiveCfg = Profile|Win32
		{F6C22574-1C3C-4050-DE82-1C389D2AD996}.Profile|Win32.Build.0 = Profile|Win32
		{F6C22574-1C3C-4050-DE82-1C389D2AD996}.Profile|x64.ActiveCfg = Profile|x64
		{F6C22574-1C3C-4050-DE82-1C389D2AD996}.Profile|x64.Build.0 = Profile|x64
		{F6C22574-1C3C-4050-DE82-1C389D2AD996}.Release|ARM.ActiveCfg = Release|ARM
		{F6C22574-1C3C-4050-DE82-1C389D2AD996}.Release|ARM.Build.0 = Release|ARM
		{F6C22574-1C3C-4050-DE82-1C389D2AD996}.Release|ARM64.ActiveCfg = Release|ARM64
		{F6C22574-1C3C-4050-DE82-1C389D2AD996}.Release|ARM64.Build.0 = Release|ARM64
		{F6C22574-1C3C-4050-DE82-1C389D2AD996}.Release|Win32.ActiveCfg = Release|Win32
		{F6C22574-1C3C-4050-DE82-1C389D2AD996}.Release|Win32.Build.0 = Release|Win32
		{F6C22574-1C3C-4050-DE82-1C389D2AD996}.Release|x64.ActiveCfg = Release|x64
		{F6C22574-1C3C-4050-DE82-1C389D2AD996}.Release|x64.Build.0 = Release|x64
		{51D015EF-71B4-9638-8E0A-F476788F9181}.Debug|ARM.ActiveCfg = Debug|ARM
		{51D015EF-71B4-9638-8E0A-F476788F9181}.Debug|ARM.Build.0 = Debug|ARM
		{51D015EF-71B4-9638-8E0A-F476788F9181}.Debug|ARM64.ActiveCfg = Debug|ARM64
		{51D015EF-71B4-9638-8E0A-F476788F9181}.Debug|ARM64.Build.0 = Debug|ARM64
		{51D015EF-71B4-9638-8E0A-F476788F9181}.Debug|Win32.ActiveCfg = Debug|Win32
		{51D015EF-71B4-9638-8E0A-F476788F9181}.Debug|Win32.Build.0 = Debug|Win32
		{51D015EF-71B4-9638-8E0A-F476788F9181}.Debug|x64.ActiveCfg = Debug|x64
		{51D015EF-71B4-9638-8E0A-F476788F9181}.Debug|x64.Build.0 = Debug|x64
		{51D015EF-71B4-9638-8E0A-F476788F9181}.Profile|ARM.ActiveCfg = Profile|ARM
		{51D015EF-71B4-9638-8E0A-F476788F9181}.Profile|ARM.Build.0 = Profile|ARM
		{51D015EF-71B4-9638-8E0A-F476788F9181}.Profile|ARM64.ActiveCfg = Profile|ARM64
		{51D015EF-71B4-9638-8E0A-F476788F9181}.Profile|ARM64.Build.0 = Profile|ARM64
		{51D015EF-71B4-9638-8E0A-F476788F9181}.Profile|Win32.ActiveCfg = Profile|Win32
		{51D015EF-71B4-9638-8E0A-F476788F9181}.Profile|Win32.Build.0 = Profile|Win32
		{51D015EF-71B4-9638-8E0A-F476788F9181}.Profile|x64.ActiveCfg = Profile|x64
		{51D015EF-71B4-9638-8E0A-F476788F9181}.Profile|x64.Build.0 = Profile|x64
		{51D015EF-71B4-9638-8E0A-F476788F9181}.Release|ARM.ActiveCfg = Release|ARM
		{51D015EF-71B4-9638-8E0A-F476788F9181}.Release|ARM.Build.0 = Release|ARM
		{51D015EF-71B4-9638-8E0A-F476788F9181}.Release|ARM64.ActiveCfg = Release|ARM64
		{51D015EF-71B4-9638-8E0A-F476788F9181}.Release|ARM64.Build.0 = Release|ARM64
		{51D015EF-71B4-9638-8E0A-F476788F9181}.Release|Win32.ActiveCfg = Release|Win32
		{51D015EF-71B4-9638-8E0A-F476788F9181}.Release|Win32.Build.0 = Release|Win32
		{51D015EF-71B4-9638-8E0A-F476788F9181}.Release|x64.ActiveCfg = Release|x64
		{51D015EF-71B4-9638-8E0A-F476788F9181}.Release|x64.Build.0 = Release|x64
		{CBE29B06-A8C4-CADB-296B-C08F28F19860}.Debug|ARM.ActiveCfg = Debug|ARM
		{CBE29B06-A8C4-CADB-296B-C08F28F19860}.Debug|ARM.Build.0 = Debug|ARM
		{CBE29B06-A8C4-CADB-296B-C08F28F19860}.Debug|ARM64.ActiveCfg = Debug|ARM64
		{CBE29B06-A8C4-CADB-296B-C08F28F19860}.Debug|ARM64.Build.0 = Debug|ARM64
		{CBE29B06-A8C4-CADB-296B-C08F28F19860}.Debug|Win32.ActiveCfg = Debug|Win32
		{CBE29B06-A8C4-CADB-296B-C08F28F19860}.Debug|Win32.Build.0 = Debug|Win32
		{CBE29B06-A8C4-CADB-296B-C08F28F19860}.Debug|x64.ActiveCfg = Debug|x64
		{CBE29B06-A8C4-CADB-296B-C08F28F19860}.Debug|x64.Build.0 = Debug|x64
		{CBE29B06-A8C4-CADB-296B-C08F28F19860}.Profile|ARM.ActiveCfg = Profile|ARM
		{CBE29B06-A8C4-CADB-296B-C08F28F19860}.Profile|ARM.Build.0 = Profile|ARM
		{CBE29B06-A8C4-CADB-296B-C08F28F19860}.Profile|ARM64.ActiveCfg = Profile|ARM64
		{CBE29B06-A8C4-CADB-296B-C08F28F19860}.Profile|ARM64.Build.0 = Profile|ARM64
		{CBE29B06-A8C4-CADB-296B-C08F28F19860}.Profile|Win32.ActiveCfg = Profile|Win32
		{CBE29B06-A8C4-CADB-296B-C08F28F19860}.Profile|Win32.Build.0 = Profile|Win32
		{CBE29B06-A8C4-CADB-296B-C08F28F19860}.Profile|x64.ActiveCfg = Profile|x64
		{CBE29B06-A8C4-CADB-296B-C08F28F19860}.Profile|x64.Build.0 = Profile|x64
		{CBE29B06-A8C4-CADB-296B-C08F28F19860}.Release|ARM.ActiveCfg = Release|ARM
		{CBE29B06-A8C4-CADB-296B-C08F28F19860}.Release|ARM.Build.0 = Release|ARM
		{CBE29B06-A8C4-CADB-296B-C08F28F19860}.Release|ARM64.ActiveCfg = Release|ARM64
		{CBE29B06-A8C4-CADB-296B-C08F28F19860}.Release|ARM64.Build.0 = Release|ARM64
		{CBE29B06-A8C4-CADB-296B-C08F28F19860}.Release|Win32.ActiveCfg = Release|Win32
		{CBE29B06-A8C4-CADB-296B-C08F28F19860}.Release|Win32.Build.0 = Release|Win32
		{CBE29B06-A8C4-CADB-296B-C08F28F19860}.Release|x64.ActiveCfg = Release|x64
		{CBE29B06-A8C4-CADB-296B-C08F28F19860}.Release|x64.Build.0 = Release|x64
		{D1137835-1E76-3C3C-0168-B0B150A6D40D}.Debug|ARM.ActiveCfg = Debug|ARM
		{D1137835-1E76-3C3C-0168-B0B150A6D40D}.Debug|ARM.Build.0 = Debug|ARM
		{D1137835-1E76-3C3C-0168-B0B150A6D40D}.Debug|ARM64.ActiveCfg = Debug|ARM64
		{D1137835-1E76-3C3C-0168-B0B150A6D40D}.Debug|ARM64.Build.0 = Debug|ARM64
		{D1137835-1E76-3C3C-0168-B0B150A6D40D}.Debug|Win32.ActiveCfg = Debug|Win32
		{D1137835-1E76-3C3C-0168-B0B150A6D40D}.Debug|Win32.Build.0 = Debug|Win32
		{D1137835-1E76-3C3C-0168-B0B150A6D40D}.Debug|x64.ActiveCfg = Debug|x64
		{D1137835-1E76-3C3C-0168-B0B150A6D40D}.Debug|x64.Build.0 = Debug|x64
		{D1137835-1E76-3C3C-0168-B0B150A6D40D}.Profile|ARM.ActiveCfg = Profile|ARM
		{D1137835-1E76-3C3C-0168-B0B150A6D40D}.Profile|ARM.Build.0 = Profile|ARM
		{D1137835-1E76-3C3C-0168-B0B150A6D40D}.Profile|ARM64.ActiveCfg = Profile|ARM64
		{D1137835-1E76-3C3C-0168-B0B150A6D40D}.Profile|ARM64.Build.0 = Profile|ARM64
		{D1137835-1E76-3C3C-0168-B0B150A6D40D}.Profile|Win32.ActiveCfg = Profile|Win32
		{D1137835-1E76-3C3C-0168-B0B150A6D40D}.Profile|Win32.Build.0 = Profile|Win32
		{D1137835-1E76-3C3C-0168-B0B150A6D40D}.Profile|x64.ActiveCfg = Profile|x64
		{D1137835-1E76-3C3C-0168-B0B150A6D40D}.Profile|x64.Build.0 = Profile|x64
		{D1137835-1E76-3C3C-0168-B0B150A6D40D}.Release|ARM.ActiveCfg = Release|ARM
		{D1137835-1E76-3C3C-0168-B0B150A6D40D}.Release|ARM.Build.0 = Release|ARM
		{D1137835-1E76-3C3C-0168-B0B150A6D40D}.Release|ARM64.ActiveCfg = Release|ARM64
		{D1137835-1E76-3C3C-0168-B0B150A6D40D}.Release|ARM64.Build.0 = Release|ARM64
		{D1137835-1E76-3C3C-0168-B0B150A6D40D}.Release|Win32.ActiveCfg = Release|Win32
		{D1137835-1E76-3C3C-0168-B0B150A6D40D}.Release|Win32.Build.0 = Release|Win32
		{D1137835-1E76-3C3C-0168-B0B150A6D40D}.Release|x64.ActiveCfg = Release|x64
		{D1137835-1E76-3C3C-0168-B0B150A6D40D}.Release|x64.Build.0 = Release|x64
	EndGlobalSection
	GlobalSection(SolutionProperties) = preSolution
		HideSolutionNode = FALSE
	EndGlobalSection
EndGlobal
